
Microsoft Visual Studio Solution File, Format Version 12.00
# Visual Studio 14
VisualStudioVersion = 14.0.25420.1
MinimumVisualStudioVersion = 10.0.40219.1
Project("{FAE04EC0-301F-11D3-BF4B-00C04F79EFBC}") = "App6", "App6\App6\App6.csproj", "{4E514A60-4C0A-46F3-876D-ACA298EFEBA9}"
EndProject
Project("{FAE04EC0-301F-11D3-BF4B-00C04F79EFBC}") = "App6.Droid", "App6\App6.Droid\App6.Droid.csproj", "{4B6DE56D-2CB1-4B9D-A08A-7A863FBF718B}"
EndProject
Project("{FAE04EC0-301F-11D3-BF4B-00C04F79EFBC}") = "App6.iOS", "App6\App6.iOS\App6.iOS.csproj", "{2712F65F-1CC9-4A70-9EF8-ADC2B815ECE5}"
EndProject
Project("{FAE04EC0-301F-11D3-BF4B-00C04F79EFBC}") = "App6.WinPhone", "App6\App6.WinPhone\App6.WinPhone.csproj", "{B0A5DE38-37E5-439B-97A7-D315ADD72D53}"
EndProject
Project("{FAE04EC0-301F-11D3-BF4B-00C04F79EFBC}") = "App6.UWP", "App6\App6.UWP\App6.UWP.csproj", "{CBCF682A-B424-4200-8B90-73E8B2313504}"
EndProject
Project("{FAE04EC0-301F-11D3-BF4B-00C04F79EFBC}") = "App6.Windows", "App6\App6.Windows\App6.Windows.csproj", "{C4661A40-89B9-4B7A-A520-0B0B29291DC7}"
EndProject
Global
	GlobalSection(SolutionConfigurationPlatforms) = preSolution
		Ad-Hoc|Any CPU = Ad-Hoc|Any CPU
		Ad-Hoc|ARM = Ad-Hoc|ARM
		Ad-Hoc|iPhone = Ad-Hoc|iPhone
		Ad-Hoc|iPhoneSimulator = Ad-Hoc|iPhoneSimulator
		Ad-Hoc|x64 = Ad-Hoc|x64
		Ad-Hoc|x86 = Ad-Hoc|x86
		AppStore|Any CPU = AppStore|Any CPU
		AppStore|ARM = AppStore|ARM
		AppStore|iPhone = AppStore|iPhone
		AppStore|iPhoneSimulator = AppStore|iPhoneSimulator
		AppStore|x64 = AppStore|x64
		AppStore|x86 = AppStore|x86
		Debug|Any CPU = Debug|Any CPU
		Debug|ARM = Debug|ARM
		Debug|iPhone = Debug|iPhone
		Debug|iPhoneSimulator = Debug|iPhoneSimulator
		Debug|x64 = Debug|x64
		Debug|x86 = Debug|x86
		Release|Any CPU = Release|Any CPU
		Release|ARM = Release|ARM
		Release|iPhone = Release|iPhone
		Release|iPhoneSimulator = Release|iPhoneSimulator
		Release|x64 = Release|x64
		Release|x86 = Release|x86
	EndGlobalSection
	GlobalSection(ProjectConfigurationPlatforms) = postSolution
		{4E514A60-4C0A-46F3-876D-ACA298EFEBA9}.Ad-Hoc|Any CPU.ActiveCfg = Release|Any CPU
		{4E514A60-4C0A-46F3-876D-ACA298EFEBA9}.Ad-Hoc|Any CPU.Build.0 = Release|Any CPU
		{4E514A60-4C0A-46F3-876D-ACA298EFEBA9}.Ad-Hoc|ARM.ActiveCfg = Release|Any CPU
		{4E514A60-4C0A-46F3-876D-ACA298EFEBA9}.Ad-Hoc|ARM.Build.0 = Release|Any CPU
		{4E514A60-4C0A-46F3-876D-ACA298EFEBA9}.Ad-Hoc|iPhone.ActiveCfg = Release|Any CPU
		{4E514A60-4C0A-46F3-876D-ACA298EFEBA9}.Ad-Hoc|iPhone.Build.0 = Release|Any CPU
		{4E514A60-4C0A-46F3-876D-ACA298EFEBA9}.Ad-Hoc|iPhoneSimulator.ActiveCfg = Release|Any CPU
		{4E514A60-4C0A-46F3-876D-ACA298EFEBA9}.Ad-Hoc|iPhoneSimulator.Build.0 = Release|Any CPU
		{4E514A60-4C0A-46F3-876D-ACA298EFEBA9}.Ad-Hoc|x64.ActiveCfg = Release|Any CPU
		{4E514A60-4C0A-46F3-876D-ACA298EFEBA9}.Ad-Hoc|x64.Build.0 = Release|Any CPU
		{4E514A60-4C0A-46F3-876D-ACA298EFEBA9}.Ad-Hoc|x86.ActiveCfg = Release|Any CPU
		{4E514A60-4C0A-46F3-876D-ACA298EFEBA9}.Ad-Hoc|x86.Build.0 = Release|Any CPU
		{4E514A60-4C0A-46F3-876D-ACA298EFEBA9}.AppStore|Any CPU.ActiveCfg = Release|Any CPU
		{4E514A60-4C0A-46F3-876D-ACA298EFEBA9}.AppStore|Any CPU.Build.0 = Release|Any CPU
		{4E514A60-4C0A-46F3-876D-ACA298EFEBA9}.AppStore|ARM.ActiveCfg = Release|Any CPU
		{4E514A60-4C0A-46F3-876D-ACA298EFEBA9}.AppStore|ARM.Build.0 = Release|Any CPU
		{4E514A60-4C0A-46F3-876D-ACA298EFEBA9}.AppStore|iPhone.ActiveCfg = Release|Any CPU
		{4E514A60-4C0A-46F3-876D-ACA298EFEBA9}.AppStore|iPhone.Build.0 = Release|Any CPU
		{4E514A60-4C0A-46F3-876D-ACA298EFEBA9}.AppStore|iPhoneSimulator.ActiveCfg = Release|Any CPU
		{4E514A60-4C0A-46F3-876D-ACA298EFEBA9}.AppStore|iPhoneSimulator.Build.0 = Release|Any CPU
		{4E514A60-4C0A-46F3-876D-ACA298EFEBA9}.AppStore|x64.ActiveCfg = Release|Any CPU
		{4E514A60-4C0A-46F3-876D-ACA298EFEBA9}.AppStore|x64.Build.0 = Release|Any CPU
		{4E514A60-4C0A-46F3-876D-ACA298EFEBA9}.AppStore|x86.ActiveCfg = Release|Any CPU
		{4E514A60-4C0A-46F3-876D-ACA298EFEBA9}.AppStore|x86.Build.0 = Release|Any CPU
		{4E514A60-4C0A-46F3-876D-ACA298EFEBA9}.Debug|Any CPU.ActiveCfg = Debug|Any CPU
		{4E514A60-4C0A-46F3-876D-ACA298EFEBA9}.Debug|Any CPU.Build.0 = Debug|Any CPU
		{4E514A60-4C0A-46F3-876D-ACA298EFEBA9}.Debug|ARM.ActiveCfg = Debug|Any CPU
		{4E514A60-4C0A-46F3-876D-ACA298EFEBA9}.Debug|ARM.Build.0 = Debug|Any CPU
		{4E514A60-4C0A-46F3-876D-ACA298EFEBA9}.Debug|iPhone.ActiveCfg = Debug|Any CPU
		{4E514A60-4C0A-46F3-876D-ACA298EFEBA9}.Debug|iPhone.Build.0 = Debug|Any CPU
		{4E514A60-4C0A-46F3-876D-ACA298EFEBA9}.Debug|iPhoneSimulator.ActiveCfg = Debug|Any CPU
		{4E514A60-4C0A-46F3-876D-ACA298EFEBA9}.Debug|iPhoneSimulator.Build.0 = Debug|Any CPU
		{4E514A60-4C0A-46F3-876D-ACA298EFEBA9}.Debug|x64.ActiveCfg = Debug|Any CPU
		{4E514A60-4C0A-46F3-876D-ACA298EFEBA9}.Debug|x64.Build.0 = Debug|Any CPU
		{4E514A60-4C0A-46F3-876D-ACA298EFEBA9}.Debug|x86.ActiveCfg = Debug|Any CPU
		{4E514A60-4C0A-46F3-876D-ACA298EFEBA9}.Debug|x86.Build.0 = Debug|Any CPU
		{4E514A60-4C0A-46F3-876D-ACA298EFEBA9}.Release|Any CPU.ActiveCfg = Release|Any CPU
		{4E514A60-4C0A-46F3-876D-ACA298EFEBA9}.Release|Any CPU.Build.0 = Release|Any CPU
		{4E514A60-4C0A-46F3-876D-ACA298EFEBA9}.Release|ARM.ActiveCfg = Release|Any CPU
		{4E514A60-4C0A-46F3-876D-ACA298EFEBA9}.Release|ARM.Build.0 = Release|Any CPU
		{4E514A60-4C0A-46F3-876D-ACA298EFEBA9}.Release|iPhone.ActiveCfg = Release|Any CPU
		{4E514A60-4C0A-46F3-876D-ACA298EFEBA9}.Release|iPhone.Build.0 = Release|Any CPU
		{4E514A60-4C0A-46F3-876D-ACA298EFEBA9}.Release|iPhoneSimulator.ActiveCfg = Release|Any CPU
		{4E514A60-4C0A-46F3-876D-ACA298EFEBA9}.Release|iPhoneSimulator.Build.0 = Release|Any CPU
		{4E514A60-4C0A-46F3-876D-ACA298EFEBA9}.Release|x64.ActiveCfg = Release|Any CPU
		{4E514A60-4C0A-46F3-876D-ACA298EFEBA9}.Release|x64.Build.0 = Release|Any CPU
		{4E514A60-4C0A-46F3-876D-ACA298EFEBA9}.Release|x86.ActiveCfg = Release|Any CPU
		{4E514A60-4C0A-46F3-876D-ACA298EFEBA9}.Release|x86.Build.0 = Release|Any CPU
		{4B6DE56D-2CB1-4B9D-A08A-7A863FBF718B}.Ad-Hoc|Any CPU.ActiveCfg = Release|Any CPU
		{4B6DE56D-2CB1-4B9D-A08A-7A863FBF718B}.Ad-Hoc|Any CPU.Build.0 = Release|Any CPU
		{4B6DE56D-2CB1-4B9D-A08A-7A863FBF718B}.Ad-Hoc|Any CPU.Deploy.0 = Release|Any CPU
		{4B6DE56D-2CB1-4B9D-A08A-7A863FBF718B}.Ad-Hoc|ARM.ActiveCfg = Release|Any CPU
		{4B6DE56D-2CB1-4B9D-A08A-7A863FBF718B}.Ad-Hoc|ARM.Build.0 = Release|Any CPU
		{4B6DE56D-2CB1-4B9D-A08A-7A863FBF718B}.Ad-Hoc|ARM.Deploy.0 = Release|Any CPU
		{4B6DE56D-2CB1-4B9D-A08A-7A863FBF718B}.Ad-Hoc|iPhone.ActiveCfg = Release|Any CPU
		{4B6DE56D-2CB1-4B9D-A08A-7A863FBF718B}.Ad-Hoc|iPhone.Build.0 = Release|Any CPU
		{4B6DE56D-2CB1-4B9D-A08A-7A863FBF718B}.Ad-Hoc|iPhone.Deploy.0 = Release|Any CPU
		{4B6DE56D-2CB1-4B9D-A08A-7A863FBF718B}.Ad-Hoc|iPhoneSimulator.ActiveCfg = Release|Any CPU
		{4B6DE56D-2CB1-4B9D-A08A-7A863FBF718B}.Ad-Hoc|iPhoneSimulator.Build.0 = Release|Any CPU
		{4B6DE56D-2CB1-4B9D-A08A-7A863FBF718B}.Ad-Hoc|iPhoneSimulator.Deploy.0 = Release|Any CPU
		{4B6DE56D-2CB1-4B9D-A08A-7A863FBF718B}.Ad-Hoc|x64.ActiveCfg = Release|Any CPU
		{4B6DE56D-2CB1-4B9D-A08A-7A863FBF718B}.Ad-Hoc|x64.Build.0 = Release|Any CPU
		{4B6DE56D-2CB1-4B9D-A08A-7A863FBF718B}.Ad-Hoc|x64.Deploy.0 = Release|Any CPU
		{4B6DE56D-2CB1-4B9D-A08A-7A863FBF718B}.Ad-Hoc|x86.ActiveCfg = Release|Any CPU
		{4B6DE56D-2CB1-4B9D-A08A-7A863FBF718B}.Ad-Hoc|x86.Build.0 = Release|Any CPU
		{4B6DE56D-2CB1-4B9D-A08A-7A863FBF718B}.Ad-Hoc|x86.Deploy.0 = Release|Any CPU
		{4B6DE56D-2CB1-4B9D-A08A-7A863FBF718B}.AppStore|Any CPU.ActiveCfg = Release|Any CPU
		{4B6DE56D-2CB1-4B9D-A08A-7A863FBF718B}.AppStore|Any CPU.Build.0 = Release|Any CPU
		{4B6DE56D-2CB1-4B9D-A08A-7A863FBF718B}.AppStore|Any CPU.Deploy.0 = Release|Any CPU
		{4B6DE56D-2CB1-4B9D-A08A-7A863FBF718B}.AppStore|ARM.ActiveCfg = Release|Any CPU
		{4B6DE56D-2CB1-4B9D-A08A-7A863FBF718B}.AppStore|ARM.Build.0 = Release|Any CPU
		{4B6DE56D-2CB1-4B9D-A08A-7A863FBF718B}.AppStore|ARM.Deploy.0 = Release|Any CPU
		{4B6DE56D-2CB1-4B9D-A08A-7A863FBF718B}.AppStore|iPhone.ActiveCfg = Release|Any CPU
		{4B6DE56D-2CB1-4B9D-A08A-7A863FBF718B}.AppStore|iPhone.Build.0 = Release|Any CPU
		{4B6DE56D-2CB1-4B9D-A08A-7A863FBF718B}.AppStore|iPhone.Deploy.0 = Release|Any CPU
		{4B6DE56D-2CB1-4B9D-A08A-7A863FBF718B}.AppStore|iPhoneSimulator.ActiveCfg = Release|Any CPU
		{4B6DE56D-2CB1-4B9D-A08A-7A863FBF718B}.AppStore|iPhoneSimulator.Build.0 = Release|Any CPU
		{4B6DE56D-2CB1-4B9D-A08A-7A863FBF718B}.AppStore|iPhoneSimulator.Deploy.0 = Release|Any CPU
		{4B6DE56D-2CB1-4B9D-A08A-7A863FBF718B}.AppStore|x64.ActiveCfg = Release|Any CPU
		{4B6DE56D-2CB1-4B9D-A08A-7A863FBF718B}.AppStore|x64.Build.0 = Release|Any CPU
		{4B6DE56D-2CB1-4B9D-A08A-7A863FBF718B}.AppStore|x64.Deploy.0 = Release|Any CPU
		{4B6DE56D-2CB1-4B9D-A08A-7A863FBF718B}.AppStore|x86.ActiveCfg = Release|Any CPU
		{4B6DE56D-2CB1-4B9D-A08A-7A863FBF718B}.AppStore|x86.Build.0 = Release|Any CPU
		{4B6DE56D-2CB1-4B9D-A08A-7A863FBF718B}.AppStore|x86.Deploy.0 = Release|Any CPU
		{4B6DE56D-2CB1-4B9D-A08A-7A863FBF718B}.Debug|Any CPU.ActiveCfg = Debug|Any CPU
		{4B6DE56D-2CB1-4B9D-A08A-7A863FBF718B}.Debug|Any CPU.Build.0 = Debug|Any CPU
		{4B6DE56D-2CB1-4B9D-A08A-7A863FBF718B}.Debug|Any CPU.Deploy.0 = Debug|Any CPU
		{4B6DE56D-2CB1-4B9D-A08A-7A863FBF718B}.Debug|ARM.ActiveCfg = Debug|Any CPU
		{4B6DE56D-2CB1-4B9D-A08A-7A863FBF718B}.Debug|ARM.Build.0 = Debug|Any CPU
		{4B6DE56D-2CB1-4B9D-A08A-7A863FBF718B}.Debug|ARM.Deploy.0 = Debug|Any CPU
		{4B6DE56D-2CB1-4B9D-A08A-7A863FBF718B}.Debug|iPhone.ActiveCfg = Debug|Any CPU
		{4B6DE56D-2CB1-4B9D-A08A-7A863FBF718B}.Debug|iPhone.Build.0 = Debug|Any CPU
		{4B6DE56D-2CB1-4B9D-A08A-7A863FBF718B}.Debug|iPhone.Deploy.0 = Debug|Any CPU
		{4B6DE56D-2CB1-4B9D-A08A-7A863FBF718B}.Debug|iPhoneSimulator.ActiveCfg = Debug|Any CPU
		{4B6DE56D-2CB1-4B9D-A08A-7A863FBF718B}.Debug|iPhoneSimulator.Build.0 = Debug|Any CPU
		{4B6DE56D-2CB1-4B9D-A08A-7A863FBF718B}.Debug|iPhoneSimulator.Deploy.0 = Debug|Any CPU
		{4B6DE56D-2CB1-4B9D-A08A-7A863FBF718B}.Debug|x64.ActiveCfg = Debug|Any CPU
		{4B6DE56D-2CB1-4B9D-A08A-7A863FBF718B}.Debug|x64.Build.0 = Debug|Any CPU
		{4B6DE56D-2CB1-4B9D-A08A-7A863FBF718B}.Debug|x64.Deploy.0 = Debug|Any CPU
		{4B6DE56D-2CB1-4B9D-A08A-7A863FBF718B}.Debug|x86.ActiveCfg = Debug|Any CPU
		{4B6DE56D-2CB1-4B9D-A08A-7A863FBF718B}.Debug|x86.Build.0 = Debug|Any CPU
		{4B6DE56D-2CB1-4B9D-A08A-7A863FBF718B}.Debug|x86.Deploy.0 = Debug|Any CPU
		{4B6DE56D-2CB1-4B9D-A08A-7A863FBF718B}.Release|Any CPU.ActiveCfg = Release|Any CPU
		{4B6DE56D-2CB1-4B9D-A08A-7A863FBF718B}.Release|Any CPU.Build.0 = Release|Any CPU
		{4B6DE56D-2CB1-4B9D-A08A-7A863FBF718B}.Release|Any CPU.Deploy.0 = Release|Any CPU
		{4B6DE56D-2CB1-4B9D-A08A-7A863FBF718B}.Release|ARM.ActiveCfg = Release|Any CPU
		{4B6DE56D-2CB1-4B9D-A08A-7A863FBF718B}.Release|ARM.Build.0 = Release|Any CPU
		{4B6DE56D-2CB1-4B9D-A08A-7A863FBF718B}.Release|ARM.Deploy.0 = Release|Any CPU
		{4B6DE56D-2CB1-4B9D-A08A-7A863FBF718B}.Release|iPhone.ActiveCfg = Release|Any CPU
		{4B6DE56D-2CB1-4B9D-A08A-7A863FBF718B}.Release|iPhone.Build.0 = Release|Any CPU
		{4B6DE56D-2CB1-4B9D-A08A-7A863FBF718B}.Release|iPhone.Deploy.0 = Release|Any CPU
		{4B6DE56D-2CB1-4B9D-A08A-7A863FBF718B}.Release|iPhoneSimulator.ActiveCfg = Release|Any CPU
		{4B6DE56D-2CB1-4B9D-A08A-7A863FBF718B}.Release|iPhoneSimulator.Build.0 = Release|Any CPU
		{4B6DE56D-2CB1-4B9D-A08A-7A863FBF718B}.Release|iPhoneSimulator.Deploy.0 = Release|Any CPU
		{4B6DE56D-2CB1-4B9D-A08A-7A863FBF718B}.Release|x64.ActiveCfg = Release|Any CPU
		{4B6DE56D-2CB1-4B9D-A08A-7A863FBF718B}.Release|x64.Build.0 = Release|Any CPU
		{4B6DE56D-2CB1-4B9D-A08A-7A863FBF718B}.Release|x64.Deploy.0 = Release|Any CPU
		{4B6DE56D-2CB1-4B9D-A08A-7A863FBF718B}.Release|x86.ActiveCfg = Release|Any CPU
		{4B6DE56D-2CB1-4B9D-A08A-7A863FBF718B}.Release|x86.Build.0 = Release|Any CPU
		{4B6DE56D-2CB1-4B9D-A08A-7A863FBF718B}.Release|x86.Deploy.0 = Release|Any CPU
		{2712F65F-1CC9-4A70-9EF8-ADC2B815ECE5}.Ad-Hoc|Any CPU.ActiveCfg = Ad-Hoc|iPhone
		{2712F65F-1CC9-4A70-9EF8-ADC2B815ECE5}.Ad-Hoc|ARM.ActiveCfg = Ad-Hoc|iPhone
		{2712F65F-1CC9-4A70-9EF8-ADC2B815ECE5}.Ad-Hoc|iPhone.ActiveCfg = Ad-Hoc|iPhone
		{2712F65F-1CC9-4A70-9EF8-ADC2B815ECE5}.Ad-Hoc|iPhone.Build.0 = Ad-Hoc|iPhone
		{2712F65F-1CC9-4A70-9EF8-ADC2B815ECE5}.Ad-Hoc|iPhoneSimulator.ActiveCfg = Ad-Hoc|iPhoneSimulator
		{2712F65F-1CC9-4A70-9EF8-ADC2B815ECE5}.Ad-Hoc|iPhoneSimulator.Build.0 = Ad-Hoc|iPhoneSimulator
		{2712F65F-1CC9-4A70-9EF8-ADC2B815ECE5}.Ad-Hoc|x64.ActiveCfg = Ad-Hoc|iPhone
		{2712F65F-1CC9-4A70-9EF8-ADC2B815ECE5}.Ad-Hoc|x86.ActiveCfg = Ad-Hoc|iPhone
		{2712F65F-1CC9-4A70-9EF8-ADC2B815ECE5}.AppStore|Any CPU.ActiveCfg = AppStore|iPhone
		{2712F65F-1CC9-4A70-9EF8-ADC2B815ECE5}.AppStore|ARM.ActiveCfg = AppStore|iPhone
		{2712F65F-1CC9-4A70-9EF8-ADC2B815ECE5}.AppStore|iPhone.ActiveCfg = AppStore|iPhone
		{2712F65F-1CC9-4A70-9EF8-ADC2B815ECE5}.AppStore|iPhone.Build.0 = AppStore|iPhone
		{2712F65F-1CC9-4A70-9EF8-ADC2B815ECE5}.AppStore|iPhoneSimulator.ActiveCfg = AppStore|iPhoneSimulator
		{2712F65F-1CC9-4A70-9EF8-ADC2B815ECE5}.AppStore|iPhoneSimulator.Build.0 = AppStore|iPhoneSimulator
		{2712F65F-1CC9-4A70-9EF8-ADC2B815ECE5}.AppStore|x64.ActiveCfg = AppStore|iPhone
		{2712F65F-1CC9-4A70-9EF8-ADC2B815ECE5}.AppStore|x86.ActiveCfg = AppStore|iPhone
		{2712F65F-1CC9-4A70-9EF8-ADC2B815ECE5}.Debug|Any CPU.ActiveCfg = Debug|iPhone
		{2712F65F-1CC9-4A70-9EF8-ADC2B815ECE5}.Debug|ARM.ActiveCfg = Debug|iPhone
		{2712F65F-1CC9-4A70-9EF8-ADC2B815ECE5}.Debug|iPhone.ActiveCfg = Debug|iPhone
		{2712F65F-1CC9-4A70-9EF8-ADC2B815ECE5}.Debug|iPhone.Build.0 = Debug|iPhone
		{2712F65F-1CC9-4A70-9EF8-ADC2B815ECE5}.Debug|iPhoneSimulator.ActiveCfg = Debug|iPhoneSimulator
		{2712F65F-1CC9-4A70-9EF8-ADC2B815ECE5}.Debug|iPhoneSimulator.Build.0 = Debug|iPhoneSimulator
		{2712F65F-1CC9-4A70-9EF8-ADC2B815ECE5}.Debug|x64.ActiveCfg = Debug|iPhone
		{2712F65F-1CC9-4A70-9EF8-ADC2B815ECE5}.Debug|x86.ActiveCfg = Debug|iPhone
		{2712F65F-1CC9-4A70-9EF8-ADC2B815ECE5}.Release|Any CPU.ActiveCfg = Release|iPhone
		{2712F65F-1CC9-4A70-9EF8-ADC2B815ECE5}.Release|ARM.ActiveCfg = Release|iPhone
		{2712F65F-1CC9-4A70-9EF8-ADC2B815ECE5}.Release|iPhone.ActiveCfg = Release|iPhone
		{2712F65F-1CC9-4A70-9EF8-ADC2B815ECE5}.Release|iPhone.Build.0 = Release|iPhone
		{2712F65F-1CC9-4A70-9EF8-ADC2B815ECE5}.Release|iPhoneSimulator.ActiveCfg = Release|iPhoneSimulator
		{2712F65F-1CC9-4A70-9EF8-ADC2B815ECE5}.Release|iPhoneSimulator.Build.0 = Release|iPhoneSimulator
		{2712F65F-1CC9-4A70-9EF8-ADC2B815ECE5}.Release|x64.ActiveCfg = Release|iPhone
		{2712F65F-1CC9-4A70-9EF8-ADC2B815ECE5}.Release|x86.ActiveCfg = Release|iPhone
		{B0A5DE38-37E5-439B-97A7-D315ADD72D53}.Ad-Hoc|Any CPU.ActiveCfg = Release|Any CPU
		{B0A5DE38-37E5-439B-97A7-D315ADD72D53}.Ad-Hoc|Any CPU.Build.0 = Release|Any CPU
		{B0A5DE38-37E5-439B-97A7-D315ADD72D53}.Ad-Hoc|Any CPU.Deploy.0 = Release|Any CPU
		{B0A5DE38-37E5-439B-97A7-D315ADD72D53}.Ad-Hoc|ARM.ActiveCfg = Release|ARM
		{B0A5DE38-37E5-439B-97A7-D315ADD72D53}.Ad-Hoc|ARM.Build.0 = Release|ARM
		{B0A5DE38-37E5-439B-97A7-D315ADD72D53}.Ad-Hoc|ARM.Deploy.0 = Release|ARM
		{B0A5DE38-37E5-439B-97A7-D315ADD72D53}.Ad-Hoc|iPhone.ActiveCfg = Release|Any CPU
		{B0A5DE38-37E5-439B-97A7-D315ADD72D53}.Ad-Hoc|iPhone.Build.0 = Release|Any CPU
		{B0A5DE38-37E5-439B-97A7-D315ADD72D53}.Ad-Hoc|iPhone.Deploy.0 = Release|Any CPU
		{B0A5DE38-37E5-439B-97A7-D315ADD72D53}.Ad-Hoc|iPhoneSimulator.ActiveCfg = Release|Any CPU
		{B0A5DE38-37E5-439B-97A7-D315ADD72D53}.Ad-Hoc|iPhoneSimulator.Build.0 = Release|Any CPU
		{B0A5DE38-37E5-439B-97A7-D315ADD72D53}.Ad-Hoc|iPhoneSimulator.Deploy.0 = Release|Any CPU
		{B0A5DE38-37E5-439B-97A7-D315ADD72D53}.Ad-Hoc|x64.ActiveCfg = Release|Any CPU
		{B0A5DE38-37E5-439B-97A7-D315ADD72D53}.Ad-Hoc|x64.Build.0 = Release|Any CPU
		{B0A5DE38-37E5-439B-97A7-D315ADD72D53}.Ad-Hoc|x64.Deploy.0 = Release|Any CPU
		{B0A5DE38-37E5-439B-97A7-D315ADD72D53}.Ad-Hoc|x86.ActiveCfg = Release|x86
		{B0A5DE38-37E5-439B-97A7-D315ADD72D53}.Ad-Hoc|x86.Build.0 = Release|x86
		{B0A5DE38-37E5-439B-97A7-D315ADD72D53}.Ad-Hoc|x86.Deploy.0 = Release|x86
		{B0A5DE38-37E5-439B-97A7-D315ADD72D53}.AppStore|Any CPU.ActiveCfg = Release|Any CPU
		{B0A5DE38-37E5-439B-97A7-D315ADD72D53}.AppStore|Any CPU.Build.0 = Release|Any CPU
		{B0A5DE38-37E5-439B-97A7-D315ADD72D53}.AppStore|Any CPU.Deploy.0 = Release|Any CPU
		{B0A5DE38-37E5-439B-97A7-D315ADD72D53}.AppStore|ARM.ActiveCfg = Release|ARM
		{B0A5DE38-37E5-439B-97A7-D315ADD72D53}.AppStore|ARM.Build.0 = Release|ARM
		{B0A5DE38-37E5-439B-97A7-D315ADD72D53}.AppStore|ARM.Deploy.0 = Release|ARM
		{B0A5DE38-37E5-439B-97A7-D315ADD72D53}.AppStore|iPhone.ActiveCfg = Release|Any CPU
		{B0A5DE38-37E5-439B-97A7-D315ADD72D53}.AppStore|iPhone.Build.0 = Release|Any CPU
		{B0A5DE38-37E5-439B-97A7-D315ADD72D53}.AppStore|iPhone.Deploy.0 = Release|Any CPU
		{B0A5DE38-37E5-439B-97A7-D315ADD72D53}.AppStore|iPhoneSimulator.ActiveCfg = Release|Any CPU
		{B0A5DE38-37E5-439B-97A7-D315ADD72D53}.AppStore|iPhoneSimulator.Build.0 = Release|Any CPU
		{B0A5DE38-37E5-439B-97A7-D315ADD72D53}.AppStore|iPhoneSimulator.Deploy.0 = Release|Any CPU
		{B0A5DE38-37E5-439B-97A7-D315ADD72D53}.AppStore|x64.ActiveCfg = Release|Any CPU
		{B0A5DE38-37E5-439B-97A7-D315ADD72D53}.AppStore|x64.Build.0 = Release|Any CPU
		{B0A5DE38-37E5-439B-97A7-D315ADD72D53}.AppStore|x64.Deploy.0 = Release|Any CPU
		{B0A5DE38-37E5-439B-97A7-D315ADD72D53}.AppStore|x86.ActiveCfg = Release|x86
		{B0A5DE38-37E5-439B-97A7-D315ADD72D53}.AppStore|x86.Build.0 = Release|x86
		{B0A5DE38-37E5-439B-97A7-D315ADD72D53}.AppStore|x86.Deploy.0 = Release|x86
		{B0A5DE38-37E5-439B-97A7-D315ADD72D53}.Debug|Any CPU.ActiveCfg = Debug|Any CPU
		{B0A5DE38-37E5-439B-97A7-D315ADD72D53}.Debug|Any CPU.Build.0 = Debug|Any CPU
		{B0A5DE38-37E5-439B-97A7-D315ADD72D53}.Debug|Any CPU.Deploy.0 = Debug|Any CPU
		{B0A5DE38-37E5-439B-97A7-D315ADD72D53}.Debug|ARM.ActiveCfg = Debug|ARM
		{B0A5DE38-37E5-439B-97A7-D315ADD72D53}.Debug|ARM.Build.0 = Debug|ARM
		{B0A5DE38-37E5-439B-97A7-D315ADD72D53}.Debug|ARM.Deploy.0 = Debug|ARM
		{B0A5DE38-37E5-439B-97A7-D315ADD72D53}.Debug|iPhone.ActiveCfg = Debug|Any CPU
		{B0A5DE38-37E5-439B-97A7-D315ADD72D53}.Debug|iPhone.Build.0 = Debug|Any CPU
		{B0A5DE38-37E5-439B-97A7-D315ADD72D53}.Debug|iPhone.Deploy.0 = Debug|Any CPU
		{B0A5DE38-37E5-439B-97A7-D315ADD72D53}.Debug|iPhoneSimulator.ActiveCfg = Debug|Any CPU
		{B0A5DE38-37E5-439B-97A7-D315ADD72D53}.Debug|iPhoneSimulator.Build.0 = Debug|Any CPU
		{B0A5DE38-37E5-439B-97A7-D315ADD72D53}.Debug|iPhoneSimulator.Deploy.0 = Debug|Any CPU
		{B0A5DE38-37E5-439B-97A7-D315ADD72D53}.Debug|x64.ActiveCfg = Debug|Any CPU
		{B0A5DE38-37E5-439B-97A7-D315ADD72D53}.Debug|x64.Build.0 = Debug|Any CPU
		{B0A5DE38-37E5-439B-97A7-D315ADD72D53}.Debug|x64.Deploy.0 = Debug|Any CPU
		{B0A5DE38-37E5-439B-97A7-D315ADD72D53}.Debug|x86.ActiveCfg = Debug|x86
		{B0A5DE38-37E5-439B-97A7-D315ADD72D53}.Debug|x86.Build.0 = Debug|x86
		{B0A5DE38-37E5-439B-97A7-D315ADD72D53}.Debug|x86.Deploy.0 = Debug|x86
		{B0A5DE38-37E5-439B-97A7-D315ADD72D53}.Release|Any CPU.ActiveCfg = Release|Any CPU
		{B0A5DE38-37E5-439B-97A7-D315ADD72D53}.Release|Any CPU.Build.0 = Release|Any CPU
		{B0A5DE38-37E5-439B-97A7-D315ADD72D53}.Release|Any CPU.Deploy.0 = Release|Any CPU
		{B0A5DE38-37E5-439B-97A7-D315ADD72D53}.Release|ARM.ActiveCfg = Release|ARM
		{B0A5DE38-37E5-439B-97A7-D315ADD72D53}.Release|ARM.Build.0 = Release|ARM
		{B0A5DE38-37E5-439B-97A7-D315ADD72D53}.Release|ARM.Deploy.0 = Release|ARM
		{B0A5DE38-37E5-439B-97A7-D315ADD72D53}.Release|iPhone.ActiveCfg = Release|Any CPU
		{B0A5DE38-37E5-439B-97A7-D315ADD72D53}.Release|iPhone.Build.0 = Release|Any CPU
		{B0A5DE38-37E5-439B-97A7-D315ADD72D53}.Release|iPhone.Deploy.0 = Release|Any CPU
		{B0A5DE38-37E5-439B-97A7-D315ADD72D53}.Release|iPhoneSimulator.ActiveCfg = Release|Any CPU
		{B0A5DE38-37E5-439B-97A7-D315ADD72D53}.Release|iPhoneSimulator.Build.0 = Release|Any CPU
		{B0A5DE38-37E5-439B-97A7-D315ADD72D53}.Release|iPhoneSimulator.Deploy.0 = Release|Any CPU
		{B0A5DE38-37E5-439B-97A7-D315ADD72D53}.Release|x64.ActiveCfg = Release|Any CPU
		{B0A5DE38-37E5-439B-97A7-D315ADD72D53}.Release|x64.Build.0 = Release|Any CPU
		{B0A5DE38-37E5-439B-97A7-D315ADD72D53}.Release|x64.Deploy.0 = Release|Any CPU
		{B0A5DE38-37E5-439B-97A7-D315ADD72D53}.Release|x86.ActiveCfg = Release|x86
		{B0A5DE38-37E5-439B-97A7-D315ADD72D53}.Release|x86.Build.0 = Release|x86
		{B0A5DE38-37E5-439B-97A7-D315ADD72D53}.Release|x86.Deploy.0 = Release|x86
		{CBCF682A-B424-4200-8B90-73E8B2313504}.Ad-Hoc|Any CPU.ActiveCfg = Release|x86
		{CBCF682A-B424-4200-8B90-73E8B2313504}.Ad-Hoc|Any CPU.Build.0 = Release|x86
		{CBCF682A-B424-4200-8B90-73E8B2313504}.Ad-Hoc|Any CPU.Deploy.0 = Release|x86
		{CBCF682A-B424-4200-8B90-73E8B2313504}.Ad-Hoc|ARM.ActiveCfg = Release|ARM
		{CBCF682A-B424-4200-8B90-73E8B2313504}.Ad-Hoc|ARM.Build.0 = Release|ARM
		{CBCF682A-B424-4200-8B90-73E8B2313504}.Ad-Hoc|ARM.Deploy.0 = Release|ARM
		{CBCF682A-B424-4200-8B90-73E8B2313504}.Ad-Hoc|iPhone.ActiveCfg = Release|x86
		{CBCF682A-B424-4200-8B90-73E8B2313504}.Ad-Hoc|iPhone.Build.0 = Release|x86
		{CBCF682A-B424-4200-8B90-73E8B2313504}.Ad-Hoc|iPhone.Deploy.0 = Release|x86
		{CBCF682A-B424-4200-8B90-73E8B2313504}.Ad-Hoc|iPhoneSimulator.ActiveCfg = Release|x86
		{CBCF682A-B424-4200-8B90-73E8B2313504}.Ad-Hoc|iPhoneSimulator.Build.0 = Release|x86
		{CBCF682A-B424-4200-8B90-73E8B2313504}.Ad-Hoc|iPhoneSimulator.Deploy.0 = Release|x86
		{CBCF682A-B424-4200-8B90-73E8B2313504}.Ad-Hoc|x64.ActiveCfg = Release|x64
		{CBCF682A-B424-4200-8B90-73E8B2313504}.Ad-Hoc|x64.Build.0 = Release|x64
		{CBCF682A-B424-4200-8B90-73E8B2313504}.Ad-Hoc|x64.Deploy.0 = Release|x64
		{CBCF682A-B424-4200-8B90-73E8B2313504}.Ad-Hoc|x86.ActiveCfg = Release|x86
		{CBCF682A-B424-4200-8B90-73E8B2313504}.Ad-Hoc|x86.Build.0 = Release|x86
		{CBCF682A-B424-4200-8B90-73E8B2313504}.Ad-Hoc|x86.Deploy.0 = Release|x86
		{CBCF682A-B424-4200-8B90-73E8B2313504}.AppStore|Any CPU.ActiveCfg = Release|x86
		{CBCF682A-B424-4200-8B90-73E8B2313504}.AppStore|Any CPU.Build.0 = Release|x86
		{CBCF682A-B424-4200-8B90-73E8B2313504}.AppStore|Any CPU.Deploy.0 = Release|x86
		{CBCF682A-B424-4200-8B90-73E8B2313504}.AppStore|ARM.ActiveCfg = Release|ARM
		{CBCF682A-B424-4200-8B90-73E8B2313504}.AppStore|ARM.Build.0 = Release|ARM
		{CBCF682A-B424-4200-8B90-73E8B2313504}.AppStore|ARM.Deploy.0 = Release|ARM
		{CBCF682A-B424-4200-8B90-73E8B2313504}.AppStore|iPhone.ActiveCfg = Release|x86
		{CBCF682A-B424-4200-8B90-73E8B2313504}.AppStore|iPhone.Build.0 = Release|x86
		{CBCF682A-B424-4200-8B90-73E8B2313504}.AppStore|iPhone.Deploy.0 = Release|x86
		{CBCF682A-B424-4200-8B90-73E8B2313504}.AppStore|iPhoneSimulator.ActiveCfg = Release|x86
		{CBCF682A-B424-4200-8B90-73E8B2313504}.AppStore|iPhoneSimulator.Build.0 = Release|x86
		{CBCF682A-B424-4200-8B90-73E8B2313504}.AppStore|iPhoneSimulator.Deploy.0 = Release|x86
		{CBCF682A-B424-4200-8B90-73E8B2313504}.AppStore|x64.ActiveCfg = Release|x64
		{CBCF682A-B424-4200-8B90-73E8B2313504}.AppStore|x64.Build.0 = Release|x64
		{CBCF682A-B424-4200-8B90-73E8B2313504}.AppStore|x64.Deploy.0 = Release|x64
		{CBCF682A-B424-4200-8B90-73E8B2313504}.AppStore|x86.ActiveCfg = Release|x86
		{CBCF682A-B424-4200-8B90-73E8B2313504}.AppStore|x86.Build.0 = Release|x86
		{CBCF682A-B424-4200-8B90-73E8B2313504}.AppStore|x86.Deploy.0 = Release|x86
		{CBCF682A-B424-4200-8B90-73E8B2313504}.Debug|Any CPU.ActiveCfg = Debug|x86
		{CBCF682A-B424-4200-8B90-73E8B2313504}.Debug|ARM.ActiveCfg = Debug|ARM
		{CBCF682A-B424-4200-8B90-73E8B2313504}.Debug|ARM.Build.0 = Debug|ARM
		{CBCF682A-B424-4200-8B90-73E8B2313504}.Debug|ARM.Deploy.0 = Debug|ARM
		{CBCF682A-B424-4200-8B90-73E8B2313504}.Debug|iPhone.ActiveCfg = Debug|x86
		{CBCF682A-B424-4200-8B90-73E8B2313504}.Debug|iPhoneSimulator.ActiveCfg = Debug|x86
		{CBCF682A-B424-4200-8B90-73E8B2313504}.Debug|x64.ActiveCfg = Debug|x64
		{CBCF682A-B424-4200-8B90-73E8B2313504}.Debug|x64.Build.0 = Debug|x64
		{CBCF682A-B424-4200-8B90-73E8B2313504}.Debug|x64.Deploy.0 = Debug|x64
		{CBCF682A-B424-4200-8B90-73E8B2313504}.Debug|x86.ActiveCfg = Debug|x86
		{CBCF682A-B424-4200-8B90-73E8B2313504}.Debug|x86.Build.0 = Debug|x86
		{CBCF682A-B424-4200-8B90-73E8B2313504}.Debug|x86.Deploy.0 = Debug|x86
		{CBCF682A-B424-4200-8B90-73E8B2313504}.Release|Any CPU.ActiveCfg = Release|x86
		{CBCF682A-B424-4200-8B90-73E8B2313504}.Release|ARM.ActiveCfg = Release|ARM
		{CBCF682A-B424-4200-8B90-73E8B2313504}.Release|ARM.Build.0 = Release|ARM
		{CBCF682A-B424-4200-8B90-73E8B2313504}.Release|ARM.Deploy.0 = Release|ARM
		{CBCF682A-B424-4200-8B90-73E8B2313504}.Release|iPhone.ActiveCfg = Release|x86
		{CBCF682A-B424-4200-8B90-73E8B2313504}.Release|iPhoneSimulator.ActiveCfg = Release|x86
		{CBCF682A-B424-4200-8B90-73E8B2313504}.Release|x64.ActiveCfg = Release|x64
		{CBCF682A-B424-4200-8B90-73E8B2313504}.Release|x64.Build.0 = Release|x64
		{CBCF682A-B424-4200-8B90-73E8B2313504}.Release|x64.Deploy.0 = Release|x64
		{CBCF682A-B424-4200-8B90-73E8B2313504}.Release|x86.ActiveCfg = Release|x86
		{CBCF682A-B424-4200-8B90-73E8B2313504}.Release|x86.Build.0 = Release|x86
		{CBCF682A-B424-4200-8B90-73E8B2313504}.Release|x86.Deploy.0 = Release|x86
		{C4661A40-89B9-4B7A-A520-0B0B29291DC7}.Ad-Hoc|Any CPU.ActiveCfg = Release|Any CPU
		{C4661A40-89B9-4B7A-A520-0B0B29291DC7}.Ad-Hoc|Any CPU.Build.0 = Release|Any CPU
		{C4661A40-89B9-4B7A-A520-0B0B29291DC7}.Ad-Hoc|Any CPU.Deploy.0 = Release|Any CPU
		{C4661A40-89B9-4B7A-A520-0B0B29291DC7}.Ad-Hoc|ARM.ActiveCfg = Release|ARM
		{C4661A40-89B9-4B7A-A520-0B0B29291DC7}.Ad-Hoc|ARM.Build.0 = Release|ARM
		{C4661A40-89B9-4B7A-A520-0B0B29291DC7}.Ad-Hoc|ARM.Deploy.0 = Release|ARM
		{C4661A40-89B9-4B7A-A520-0B0B29291DC7}.Ad-Hoc|iPhone.ActiveCfg = Release|Any CPU
		{C4661A40-89B9-4B7A-A520-0B0B29291DC7}.Ad-Hoc|iPhone.Build.0 = Release|Any CPU
		{C4661A40-89B9-4B7A-A520-0B0B29291DC7}.Ad-Hoc|iPhone.Deploy.0 = Release|Any CPU
		{C4661A40-89B9-4B7A-A520-0B0B29291DC7}.Ad-Hoc|iPhoneSimulator.ActiveCfg = Release|Any CPU
		{C4661A40-89B9-4B7A-A520-0B0B29291DC7}.Ad-Hoc|iPhoneSimulator.Build.0 = Release|Any CPU
		{C4661A40-89B9-4B7A-A520-0B0B29291DC7}.Ad-Hoc|iPhoneSimulator.Deploy.0 = Release|Any CPU
		{C4661A40-89B9-4B7A-A520-0B0B29291DC7}.Ad-Hoc|x64.ActiveCfg = Release|x64
		{C4661A40-89B9-4B7A-A520-0B0B29291DC7}.Ad-Hoc|x64.Build.0 = Release|x64
		{C4661A40-89B9-4B7A-A520-0B0B29291DC7}.Ad-Hoc|x64.Deploy.0 = Release|x64
		{C4661A40-89B9-4B7A-A520-0B0B29291DC7}.Ad-Hoc|x86.ActiveCfg = Release|x86
		{C4661A40-89B9-4B7A-A520-0B0B29291DC7}.Ad-Hoc|x86.Build.0 = Release|x86
		{C4661A40-89B9-4B7A-A520-0B0B29291DC7}.Ad-Hoc|x86.Deploy.0 = Release|x86
		{C4661A40-89B9-4B7A-A520-0B0B29291DC7}.AppStore|Any CPU.ActiveCfg = Release|Any CPU
		{C4661A40-89B9-4B7A-A520-0B0B29291DC7}.AppStore|Any CPU.Build.0 = Release|Any CPU
		{C4661A40-89B9-4B7A-A520-0B0B29291DC7}.AppStore|Any CPU.Deploy.0 = Release|Any CPU
		{C4661A40-89B9-4B7A-A520-0B0B29291DC7}.AppStore|ARM.ActiveCfg = Release|ARM
		{C4661A40-89B9-4B7A-A520-0B0B29291DC7}.AppStore|ARM.Build.0 = Release|ARM
		{C4661A40-89B9-4B7A-A520-0B0B29291DC7}.AppStore|ARM.Deploy.0 = Release|ARM
		{C4661A40-89B9-4B7A-A520-0B0B29291DC7}.AppStore|iPhone.ActiveCfg = Release|Any CPU
		{C4661A40-89B9-4B7A-A520-0B0B29291DC7}.AppStore|iPhone.Build.0 = Release|Any CPU
		{C4661A40-89B9-4B7A-A520-0B0B29291DC7}.AppStore|iPhone.Deploy.0 = Release|Any CPU
		{C4661A40-89B9-4B7A-A520-0B0B29291DC7}.AppStore|iPhoneSimulator.ActiveCfg = Release|Any CPU
		{C4661A40-89B9-4B7A-A520-0B0B29291DC7}.AppStore|iPhoneSimulator.Build.0 = Release|Any CPU
		{C4661A40-89B9-4B7A-A520-0B0B29291DC7}.AppStore|iPhoneSimulator.Deploy.0 = Release|Any CPU
		{C4661A40-89B9-4B7A-A520-0B0B29291DC7}.AppStore|x64.ActiveCfg = Release|x64
		{C4661A40-89B9-4B7A-A520-0B0B29291DC7}.AppStore|x64.Build.0 = Release|x64
		{C4661A40-89B9-4B7A-A520-0B0B29291DC7}.AppStore|x64.Deploy.0 = Release|x64
		{C4661A40-89B9-4B7A-A520-0B0B29291DC7}.AppStore|x86.ActiveCfg = Release|x86
		{C4661A40-89B9-4B7A-A520-0B0B29291DC7}.AppStore|x86.Build.0 = Release|x86
		{C4661A40-89B9-4B7A-A520-0B0B29291DC7}.AppStore|x86.Deploy.0 = Release|x86
		{C4661A40-89B9-4B7A-A520-0B0B29291DC7}.Debug|Any CPU.ActiveCfg = Debug|Any CPU
		{C4661A40-89B9-4B7A-A520-0B0B29291DC7}.Debug|Any CPU.Build.0 = Debug|Any CPU
		{C4661A40-89B9-4B7A-A520-0B0B29291DC7}.Debug|Any CPU.Deploy.0 = Debug|Any CPU
		{C4661A40-89B9-4B7A-A520-0B0B29291DC7}.Debug|ARM.ActiveCfg = Debug|ARM
		{C4661A40-89B9-4B7A-A520-0B0B29291DC7}.Debug|ARM.Build.0 = Debug|ARM
		{C4661A40-89B9-4B7A-A520-0B0B29291DC7}.Debug|ARM.Deploy.0 = Debug|ARM
		{C4661A40-89B9-4B7A-A520-0B0B29291DC7}.Debug|iPhone.ActiveCfg = Debug|Any CPU
		{C4661A40-89B9-4B7A-A520-0B0B29291DC7}.Debug|iPhone.Build.0 = Debug|Any CPU
		{C4661A40-89B9-4B7A-A520-0B0B29291DC7}.Debug|iPhone.Deploy.0 = Debug|Any CPU
		{C4661A40-89B9-4B7A-A520-0B0B29291DC7}.Debug|iPhoneSimulator.ActiveCfg = Debug|Any CPU
		{C4661A40-89B9-4B7A-A520-0B0B29291DC7}.Debug|iPhoneSimulator.Build.0 = Debug|Any CPU
		{C4661A40-89B9-4B7A-A520-0B0B29291DC7}.Debug|iPhoneSimulator.Deploy.0 = Debug|Any CPU
		{C4661A40-89B9-4B7A-A520-0B0B29291DC7}.Debug|x64.ActiveCfg = Debug|x64
		{C4661A40-89B9-4B7A-A520-0B0B29291DC7}.Debug|x64.Build.0 = Debug|x64
		{C4661A40-89B9-4B7A-A520-0B0B29291DC7}.Debug|x64.Deploy.0 = Debug|x64
		{C4661A40-89B9-4B7A-A520-0B0B29291DC7}.Debug|x86.ActiveCfg = Debug|x86
		{C4661A40-89B9-4B7A-A520-0B0B29291DC7}.Debug|x86.Build.0 = Debug|x86
		{C4661A40-89B9-4B7A-A520-0B0B29291DC7}.Debug|x86.Deploy.0 = Debug|x86
		{C4661A40-89B9-4B7A-A520-0B0B29291DC7}.Release|Any CPU.ActiveCfg = Release|Any CPU
		{C4661A40-89B9-4B7A-A520-0B0B29291DC7}.Release|Any CPU.Build.0 = Release|Any CPU
		{C4661A40-89B9-4B7A-A520-0B0B29291DC7}.Release|Any CPU.Deploy.0 = Release|Any CPU
		{C4661A40-89B9-4B7A-A520-0B0B29291DC7}.Release|ARM.ActiveCfg = Release|ARM
		{C4661A40-89B9-4B7A-A520-0B0B29291DC7}.Release|ARM.Build.0 = Release|ARM
		{C4661A40-89B9-4B7A-A520-0B0B29291DC7}.Release|ARM.Deploy.0 = Release|ARM
		{C4661A40-89B9-4B7A-A520-0B0B29291DC7}.Release|iPhone.ActiveCfg = Release|Any CPU
		{C4661A40-89B9-4B7A-A520-0B0B29291DC7}.Release|iPhone.Build.0 = Release|Any CPU
		{C4661A40-89B9-4B7A-A520-0B0B29291DC7}.Release|iPhone.Deploy.0 = Release|Any CPU
		{C4661A40-89B9-4B7A-A520-0B0B29291DC7}.Release|iPhoneSimulator.ActiveCfg = Release|Any CPU
		{C4661A40-89B9-4B7A-A520-0B0B29291DC7}.Release|iPhoneSimulator.Build.0 = Release|Any CPU
		{C4661A40-89B9-4B7A-A520-0B0B29291DC7}.Release|iPhoneSimulator.Deploy.0 = Release|Any CPU
		{C4661A40-89B9-4B7A-A520-0B0B29291DC7}.Release|x64.ActiveCfg = Release|x64
		{C4661A40-89B9-4B7A-A520-0B0B29291DC7}.Release|x64.Build.0 = Release|x64
		{C4661A40-89B9-4B7A-A520-0B0B29291DC7}.Release|x64.Deploy.0 = Release|x64
		{C4661A40-89B9-4B7A-A520-0B0B29291DC7}.Release|x86.ActiveCfg = Release|x86
		{C4661A40-89B9-4B7A-A520-0B0B29291DC7}.Release|x86.Build.0 = Release|x86
		{C4661A40-89B9-4B7A-A520-0B0B29291DC7}.Release|x86.Deploy.0 = Release|x86
	EndGlobalSection
	GlobalSection(SolutionProperties) = preSolution
		HideSolutionNode = FALSE
	EndGlobalSection
EndGlobal
