
Microsoft Visual Studio Solution File, Format Version 12.00
# Visual Studio 14
VisualStudioVersion = 14.0.24720.0
MinimumVisualStudioVersion = 10.0.40219.1
Project("{FAE04EC0-301F-11D3-BF4B-00C04F79EFBC}") = "ProjectEnt_SensorTag", "ProjectEnt_SensorTag\ProjectEnt_SensorTag\ProjectEnt_SensorTag.csproj", "{90F3914E-DC61-4E89-B025-B46AB41F2398}"
EndProject
Project("{FAE04EC0-301F-11D3-BF4B-00C04F79EFBC}") = "ProjectEnt_SensorTag.Droid", "ProjectEnt_SensorTag\ProjectEnt_SensorTag.Droid\ProjectEnt_SensorTag.Droid.csproj", "{BCFDC705-620E-484B-AC7B-E021AE929F54}"
EndProject
Project("{FAE04EC0-301F-11D3-BF4B-00C04F79EFBC}") = "ProjectEnt_SensorTag.iOS", "ProjectEnt_SensorTag\ProjectEnt_SensorTag.iOS\ProjectEnt_SensorTag.iOS.csproj", "{69873B1F-CD31-4BF5-88ED-48C71EDF935C}"
EndProject
Project("{FAE04EC0-301F-11D3-BF4B-00C04F79EFBC}") = "ProjectEnt_SensorTag.UWP", "ProjectEnt_SensorTag\ProjectEnt_SensorTag.UWP\ProjectEnt_SensorTag.UWP.csproj", "{89C38D9C-F0CF-4A33-8EC1-EA06ED4F5D42}"
EndProject
Project("{FAE04EC0-301F-11D3-BF4B-00C04F79EFBC}") = "ProjectEnt_SensorTag.Model", "ProjectEnt_SensorTag.Model\ProjectEnt_SensorTag.Model.csproj", "{290CDB70-CAFA-4AAA-9BBD-E8080BCE2F9F}"
EndProject
Project("{FAE04EC0-301F-11D3-BF4B-00C04F79EFBC}") = "ProjectEnt_SensorTag.SensorTagLib", "ProjectEnt_SensorTag.SensorTagLib\ProjectEnt_SensorTag.SensorTagLib.csproj", "{79118DE3-6119-4524-80B9-0ECD6D642A0A}"
EndProject
Project("{FAE04EC0-301F-11D3-BF4B-00C04F79EFBC}") = "ProjectEnt_SensorTag.Network", "ProjectEnt_SensorTag.Network\ProjectEnt_SensorTag.Network.csproj", "{F9A295FF-B8BE-48F0-9C8B-B7D098F82E53}"
EndProject
Project("{FAE04EC0-301F-11D3-BF4B-00C04F79EFBC}") = "ProjectEnt_SensorTag.UnitTests", "ProjectEnt_SensorTag.UnitTests\ProjectEnt_SensorTag.UnitTests.csproj", "{96909358-E078-46ED-A564-64BDE8F8E53B}"
EndProject
Global
	GlobalSection(SolutionConfigurationPlatforms) = preSolution
		Ad-Hoc|Any CPU = Ad-Hoc|Any CPU
		Ad-Hoc|ARM = Ad-Hoc|ARM
		Ad-Hoc|iPhone = Ad-Hoc|iPhone
		Ad-Hoc|iPhoneSimulator = Ad-Hoc|iPhoneSimulator
		Ad-Hoc|x64 = Ad-Hoc|x64
		Ad-Hoc|x86 = Ad-Hoc|x86
		AppStore|Any CPU = AppStore|Any CPU
		AppStore|ARM = AppStore|ARM
		AppStore|iPhone = AppStore|iPhone
		AppStore|iPhoneSimulator = AppStore|iPhoneSimulator
		AppStore|x64 = AppStore|x64
		AppStore|x86 = AppStore|x86
		Debug|Any CPU = Debug|Any CPU
		Debug|ARM = Debug|ARM
		Debug|iPhone = Debug|iPhone
		Debug|iPhoneSimulator = Debug|iPhoneSimulator
		Debug|x64 = Debug|x64
		Debug|x86 = Debug|x86
		Release|Any CPU = Release|Any CPU
		Release|ARM = Release|ARM
		Release|iPhone = Release|iPhone
		Release|iPhoneSimulator = Release|iPhoneSimulator
		Release|x64 = Release|x64
		Release|x86 = Release|x86
	EndGlobalSection
	GlobalSection(ProjectConfigurationPlatforms) = postSolution
		{90F3914E-DC61-4E89-B025-B46AB41F2398}.Ad-Hoc|Any CPU.ActiveCfg = Release|Any CPU
		{90F3914E-DC61-4E89-B025-B46AB41F2398}.Ad-Hoc|Any CPU.Build.0 = Release|Any CPU
		{90F3914E-DC61-4E89-B025-B46AB41F2398}.Ad-Hoc|ARM.ActiveCfg = Release|Any CPU
		{90F3914E-DC61-4E89-B025-B46AB41F2398}.Ad-Hoc|ARM.Build.0 = Release|Any CPU
		{90F3914E-DC61-4E89-B025-B46AB41F2398}.Ad-Hoc|iPhone.ActiveCfg = Release|Any CPU
		{90F3914E-DC61-4E89-B025-B46AB41F2398}.Ad-Hoc|iPhone.Build.0 = Release|Any CPU
		{90F3914E-DC61-4E89-B025-B46AB41F2398}.Ad-Hoc|iPhoneSimulator.ActiveCfg = Release|Any CPU
		{90F3914E-DC61-4E89-B025-B46AB41F2398}.Ad-Hoc|iPhoneSimulator.Build.0 = Release|Any CPU
		{90F3914E-DC61-4E89-B025-B46AB41F2398}.Ad-Hoc|x64.ActiveCfg = Release|Any CPU
		{90F3914E-DC61-4E89-B025-B46AB41F2398}.Ad-Hoc|x64.Build.0 = Release|Any CPU
		{90F3914E-DC61-4E89-B025-B46AB41F2398}.Ad-Hoc|x86.ActiveCfg = Release|Any CPU
		{90F3914E-DC61-4E89-B025-B46AB41F2398}.Ad-Hoc|x86.Build.0 = Release|Any CPU
		{90F3914E-DC61-4E89-B025-B46AB41F2398}.AppStore|Any CPU.ActiveCfg = Release|Any CPU
		{90F3914E-DC61-4E89-B025-B46AB41F2398}.AppStore|Any CPU.Build.0 = Release|Any CPU
		{90F3914E-DC61-4E89-B025-B46AB41F2398}.AppStore|ARM.ActiveCfg = Release|Any CPU
		{90F3914E-DC61-4E89-B025-B46AB41F2398}.AppStore|ARM.Build.0 = Release|Any CPU
		{90F3914E-DC61-4E89-B025-B46AB41F2398}.AppStore|iPhone.ActiveCfg = Release|Any CPU
		{90F3914E-DC61-4E89-B025-B46AB41F2398}.AppStore|iPhone.Build.0 = Release|Any CPU
		{90F3914E-DC61-4E89-B025-B46AB41F2398}.AppStore|iPhoneSimulator.ActiveCfg = Release|Any CPU
		{90F3914E-DC61-4E89-B025-B46AB41F2398}.AppStore|iPhoneSimulator.Build.0 = Release|Any CPU
		{90F3914E-DC61-4E89-B025-B46AB41F2398}.AppStore|x64.ActiveCfg = Release|Any CPU
		{90F3914E-DC61-4E89-B025-B46AB41F2398}.AppStore|x64.Build.0 = Release|Any CPU
		{90F3914E-DC61-4E89-B025-B46AB41F2398}.AppStore|x86.ActiveCfg = Release|Any CPU
		{90F3914E-DC61-4E89-B025-B46AB41F2398}.AppStore|x86.Build.0 = Release|Any CPU
		{90F3914E-DC61-4E89-B025-B46AB41F2398}.Debug|Any CPU.ActiveCfg = Debug|Any CPU
		{90F3914E-DC61-4E89-B025-B46AB41F2398}.Debug|Any CPU.Build.0 = Debug|Any CPU
		{90F3914E-DC61-4E89-B025-B46AB41F2398}.Debug|ARM.ActiveCfg = Debug|Any CPU
		{90F3914E-DC61-4E89-B025-B46AB41F2398}.Debug|ARM.Build.0 = Debug|Any CPU
		{90F3914E-DC61-4E89-B025-B46AB41F2398}.Debug|iPhone.ActiveCfg = Debug|Any CPU
		{90F3914E-DC61-4E89-B025-B46AB41F2398}.Debug|iPhone.Build.0 = Debug|Any CPU
		{90F3914E-DC61-4E89-B025-B46AB41F2398}.Debug|iPhoneSimulator.ActiveCfg = Debug|Any CPU
		{90F3914E-DC61-4E89-B025-B46AB41F2398}.Debug|iPhoneSimulator.Build.0 = Debug|Any CPU
		{90F3914E-DC61-4E89-B025-B46AB41F2398}.Debug|x64.ActiveCfg = Debug|Any CPU
		{90F3914E-DC61-4E89-B025-B46AB41F2398}.Debug|x64.Build.0 = Debug|Any CPU
		{90F3914E-DC61-4E89-B025-B46AB41F2398}.Debug|x86.ActiveCfg = Debug|Any CPU
		{90F3914E-DC61-4E89-B025-B46AB41F2398}.Debug|x86.Build.0 = Debug|Any CPU
		{90F3914E-DC61-4E89-B025-B46AB41F2398}.Release|Any CPU.ActiveCfg = Release|Any CPU
		{90F3914E-DC61-4E89-B025-B46AB41F2398}.Release|Any CPU.Build.0 = Release|Any CPU
		{90F3914E-DC61-4E89-B025-B46AB41F2398}.Release|ARM.ActiveCfg = Release|Any CPU
		{90F3914E-DC61-4E89-B025-B46AB41F2398}.Release|ARM.Build.0 = Release|Any CPU
		{90F3914E-DC61-4E89-B025-B46AB41F2398}.Release|iPhone.ActiveCfg = Release|Any CPU
		{90F3914E-DC61-4E89-B025-B46AB41F2398}.Release|iPhone.Build.0 = Release|Any CPU
		{90F3914E-DC61-4E89-B025-B46AB41F2398}.Release|iPhoneSimulator.ActiveCfg = Release|Any CPU
		{90F3914E-DC61-4E89-B025-B46AB41F2398}.Release|iPhoneSimulator.Build.0 = Release|Any CPU
		{90F3914E-DC61-4E89-B025-B46AB41F2398}.Release|x64.ActiveCfg = Release|Any CPU
		{90F3914E-DC61-4E89-B025-B46AB41F2398}.Release|x64.Build.0 = Release|Any CPU
		{90F3914E-DC61-4E89-B025-B46AB41F2398}.Release|x86.ActiveCfg = Release|Any CPU
		{90F3914E-DC61-4E89-B025-B46AB41F2398}.Release|x86.Build.0 = Release|Any CPU
		{BCFDC705-620E-484B-AC7B-E021AE929F54}.Ad-Hoc|Any CPU.ActiveCfg = Release|Any CPU
		{BCFDC705-620E-484B-AC7B-E021AE929F54}.Ad-Hoc|Any CPU.Build.0 = Release|Any CPU
		{BCFDC705-620E-484B-AC7B-E021AE929F54}.Ad-Hoc|Any CPU.Deploy.0 = Release|Any CPU
		{BCFDC705-620E-484B-AC7B-E021AE929F54}.Ad-Hoc|ARM.ActiveCfg = Release|Any CPU
		{BCFDC705-620E-484B-AC7B-E021AE929F54}.Ad-Hoc|ARM.Build.0 = Release|Any CPU
		{BCFDC705-620E-484B-AC7B-E021AE929F54}.Ad-Hoc|ARM.Deploy.0 = Release|Any CPU
		{BCFDC705-620E-484B-AC7B-E021AE929F54}.Ad-Hoc|iPhone.ActiveCfg = Release|Any CPU
		{BCFDC705-620E-484B-AC7B-E021AE929F54}.Ad-Hoc|iPhone.Build.0 = Release|Any CPU
		{BCFDC705-620E-484B-AC7B-E021AE929F54}.Ad-Hoc|iPhone.Deploy.0 = Release|Any CPU
		{BCFDC705-620E-484B-AC7B-E021AE929F54}.Ad-Hoc|iPhoneSimulator.ActiveCfg = Release|Any CPU
		{BCFDC705-620E-484B-AC7B-E021AE929F54}.Ad-Hoc|iPhoneSimulator.Build.0 = Release|Any CPU
		{BCFDC705-620E-484B-AC7B-E021AE929F54}.Ad-Hoc|iPhoneSimulator.Deploy.0 = Release|Any CPU
		{BCFDC705-620E-484B-AC7B-E021AE929F54}.Ad-Hoc|x64.ActiveCfg = Release|Any CPU
		{BCFDC705-620E-484B-AC7B-E021AE929F54}.Ad-Hoc|x64.Build.0 = Release|Any CPU
		{BCFDC705-620E-484B-AC7B-E021AE929F54}.Ad-Hoc|x64.Deploy.0 = Release|Any CPU
		{BCFDC705-620E-484B-AC7B-E021AE929F54}.Ad-Hoc|x86.ActiveCfg = Release|Any CPU
		{BCFDC705-620E-484B-AC7B-E021AE929F54}.Ad-Hoc|x86.Build.0 = Release|Any CPU
		{BCFDC705-620E-484B-AC7B-E021AE929F54}.Ad-Hoc|x86.Deploy.0 = Release|Any CPU
		{BCFDC705-620E-484B-AC7B-E021AE929F54}.AppStore|Any CPU.ActiveCfg = Release|Any CPU
		{BCFDC705-620E-484B-AC7B-E021AE929F54}.AppStore|Any CPU.Build.0 = Release|Any CPU
		{BCFDC705-620E-484B-AC7B-E021AE929F54}.AppStore|Any CPU.Deploy.0 = Release|Any CPU
		{BCFDC705-620E-484B-AC7B-E021AE929F54}.AppStore|ARM.ActiveCfg = Release|Any CPU
		{BCFDC705-620E-484B-AC7B-E021AE929F54}.AppStore|ARM.Build.0 = Release|Any CPU
		{BCFDC705-620E-484B-AC7B-E021AE929F54}.AppStore|ARM.Deploy.0 = Release|Any CPU
		{BCFDC705-620E-484B-AC7B-E021AE929F54}.AppStore|iPhone.ActiveCfg = Release|Any CPU
		{BCFDC705-620E-484B-AC7B-E021AE929F54}.AppStore|iPhone.Build.0 = Release|Any CPU
		{BCFDC705-620E-484B-AC7B-E021AE929F54}.AppStore|iPhone.Deploy.0 = Release|Any CPU
		{BCFDC705-620E-484B-AC7B-E021AE929F54}.AppStore|iPhoneSimulator.ActiveCfg = Release|Any CPU
		{BCFDC705-620E-484B-AC7B-E021AE929F54}.AppStore|iPhoneSimulator.Build.0 = Release|Any CPU
		{BCFDC705-620E-484B-AC7B-E021AE929F54}.AppStore|iPhoneSimulator.Deploy.0 = Release|Any CPU
		{BCFDC705-620E-484B-AC7B-E021AE929F54}.AppStore|x64.ActiveCfg = Release|Any CPU
		{BCFDC705-620E-484B-AC7B-E021AE929F54}.AppStore|x64.Build.0 = Release|Any CPU
		{BCFDC705-620E-484B-AC7B-E021AE929F54}.AppStore|x64.Deploy.0 = Release|Any CPU
		{BCFDC705-620E-484B-AC7B-E021AE929F54}.AppStore|x86.ActiveCfg = Release|Any CPU
		{BCFDC705-620E-484B-AC7B-E021AE929F54}.AppStore|x86.Build.0 = Release|Any CPU
		{BCFDC705-620E-484B-AC7B-E021AE929F54}.AppStore|x86.Deploy.0 = Release|Any CPU
		{BCFDC705-620E-484B-AC7B-E021AE929F54}.Debug|Any CPU.ActiveCfg = Debug|Any CPU
		{BCFDC705-620E-484B-AC7B-E021AE929F54}.Debug|Any CPU.Build.0 = Debug|Any CPU
		{BCFDC705-620E-484B-AC7B-E021AE929F54}.Debug|Any CPU.Deploy.0 = Debug|Any CPU
		{BCFDC705-620E-484B-AC7B-E021AE929F54}.Debug|ARM.ActiveCfg = Debug|Any CPU
		{BCFDC705-620E-484B-AC7B-E021AE929F54}.Debug|ARM.Build.0 = Debug|Any CPU
		{BCFDC705-620E-484B-AC7B-E021AE929F54}.Debug|ARM.Deploy.0 = Debug|Any CPU
		{BCFDC705-620E-484B-AC7B-E021AE929F54}.Debug|iPhone.ActiveCfg = Debug|Any CPU
		{BCFDC705-620E-484B-AC7B-E021AE929F54}.Debug|iPhone.Build.0 = Debug|Any CPU
		{BCFDC705-620E-484B-AC7B-E021AE929F54}.Debug|iPhone.Deploy.0 = Debug|Any CPU
		{BCFDC705-620E-484B-AC7B-E021AE929F54}.Debug|iPhoneSimulator.ActiveCfg = Debug|Any CPU
		{BCFDC705-620E-484B-AC7B-E021AE929F54}.Debug|iPhoneSimulator.Build.0 = Debug|Any CPU
		{BCFDC705-620E-484B-AC7B-E021AE929F54}.Debug|iPhoneSimulator.Deploy.0 = Debug|Any CPU
		{BCFDC705-620E-484B-AC7B-E021AE929F54}.Debug|x64.ActiveCfg = Debug|Any CPU
		{BCFDC705-620E-484B-AC7B-E021AE929F54}.Debug|x64.Build.0 = Debug|Any CPU
		{BCFDC705-620E-484B-AC7B-E021AE929F54}.Debug|x64.Deploy.0 = Debug|Any CPU
		{BCFDC705-620E-484B-AC7B-E021AE929F54}.Debug|x86.ActiveCfg = Debug|Any CPU
		{BCFDC705-620E-484B-AC7B-E021AE929F54}.Debug|x86.Build.0 = Debug|Any CPU
		{BCFDC705-620E-484B-AC7B-E021AE929F54}.Debug|x86.Deploy.0 = Debug|Any CPU
		{BCFDC705-620E-484B-AC7B-E021AE929F54}.Release|Any CPU.ActiveCfg = Release|Any CPU
		{BCFDC705-620E-484B-AC7B-E021AE929F54}.Release|Any CPU.Build.0 = Release|Any CPU
		{BCFDC705-620E-484B-AC7B-E021AE929F54}.Release|Any CPU.Deploy.0 = Release|Any CPU
		{BCFDC705-620E-484B-AC7B-E021AE929F54}.Release|ARM.ActiveCfg = Release|Any CPU
		{BCFDC705-620E-484B-AC7B-E021AE929F54}.Release|ARM.Build.0 = Release|Any CPU
		{BCFDC705-620E-484B-AC7B-E021AE929F54}.Release|ARM.Deploy.0 = Release|Any CPU
		{BCFDC705-620E-484B-AC7B-E021AE929F54}.Release|iPhone.ActiveCfg = Release|Any CPU
		{BCFDC705-620E-484B-AC7B-E021AE929F54}.Release|iPhone.Build.0 = Release|Any CPU
		{BCFDC705-620E-484B-AC7B-E021AE929F54}.Release|iPhone.Deploy.0 = Release|Any CPU
		{BCFDC705-620E-484B-AC7B-E021AE929F54}.Release|iPhoneSimulator.ActiveCfg = Release|Any CPU
		{BCFDC705-620E-484B-AC7B-E021AE929F54}.Release|iPhoneSimulator.Build.0 = Release|Any CPU
		{BCFDC705-620E-484B-AC7B-E021AE929F54}.Release|iPhoneSimulator.Deploy.0 = Release|Any CPU
		{BCFDC705-620E-484B-AC7B-E021AE929F54}.Release|x64.ActiveCfg = Release|Any CPU
		{BCFDC705-620E-484B-AC7B-E021AE929F54}.Release|x64.Build.0 = Release|Any CPU
		{BCFDC705-620E-484B-AC7B-E021AE929F54}.Release|x64.Deploy.0 = Release|Any CPU
		{BCFDC705-620E-484B-AC7B-E021AE929F54}.Release|x86.ActiveCfg = Release|Any CPU
		{BCFDC705-620E-484B-AC7B-E021AE929F54}.Release|x86.Build.0 = Release|Any CPU
		{BCFDC705-620E-484B-AC7B-E021AE929F54}.Release|x86.Deploy.0 = Release|Any CPU
		{69873B1F-CD31-4BF5-88ED-48C71EDF935C}.Ad-Hoc|Any CPU.ActiveCfg = Ad-Hoc|iPhone
		{69873B1F-CD31-4BF5-88ED-48C71EDF935C}.Ad-Hoc|ARM.ActiveCfg = Ad-Hoc|iPhone
		{69873B1F-CD31-4BF5-88ED-48C71EDF935C}.Ad-Hoc|iPhone.ActiveCfg = Ad-Hoc|iPhone
		{69873B1F-CD31-4BF5-88ED-48C71EDF935C}.Ad-Hoc|iPhone.Build.0 = Ad-Hoc|iPhone
		{69873B1F-CD31-4BF5-88ED-48C71EDF935C}.Ad-Hoc|iPhoneSimulator.ActiveCfg = Ad-Hoc|iPhoneSimulator
		{69873B1F-CD31-4BF5-88ED-48C71EDF935C}.Ad-Hoc|iPhoneSimulator.Build.0 = Ad-Hoc|iPhoneSimulator
		{69873B1F-CD31-4BF5-88ED-48C71EDF935C}.Ad-Hoc|x64.ActiveCfg = Ad-Hoc|iPhone
		{69873B1F-CD31-4BF5-88ED-48C71EDF935C}.Ad-Hoc|x86.ActiveCfg = Ad-Hoc|iPhone
		{69873B1F-CD31-4BF5-88ED-48C71EDF935C}.AppStore|Any CPU.ActiveCfg = AppStore|iPhone
		{69873B1F-CD31-4BF5-88ED-48C71EDF935C}.AppStore|ARM.ActiveCfg = AppStore|iPhone
		{69873B1F-CD31-4BF5-88ED-48C71EDF935C}.AppStore|iPhone.ActiveCfg = AppStore|iPhone
		{69873B1F-CD31-4BF5-88ED-48C71EDF935C}.AppStore|iPhone.Build.0 = AppStore|iPhone
		{69873B1F-CD31-4BF5-88ED-48C71EDF935C}.AppStore|iPhoneSimulator.ActiveCfg = AppStore|iPhoneSimulator
		{69873B1F-CD31-4BF5-88ED-48C71EDF935C}.AppStore|iPhoneSimulator.Build.0 = AppStore|iPhoneSimulator
		{69873B1F-CD31-4BF5-88ED-48C71EDF935C}.AppStore|x64.ActiveCfg = AppStore|iPhone
		{69873B1F-CD31-4BF5-88ED-48C71EDF935C}.AppStore|x86.ActiveCfg = AppStore|iPhone
		{69873B1F-CD31-4BF5-88ED-48C71EDF935C}.Debug|Any CPU.ActiveCfg = Debug|iPhone
		{69873B1F-CD31-4BF5-88ED-48C71EDF935C}.Debug|ARM.ActiveCfg = Debug|iPhone
		{69873B1F-CD31-4BF5-88ED-48C71EDF935C}.Debug|iPhone.ActiveCfg = Debug|iPhone
		{69873B1F-CD31-4BF5-88ED-48C71EDF935C}.Debug|iPhone.Build.0 = Debug|iPhone
		{69873B1F-CD31-4BF5-88ED-48C71EDF935C}.Debug|iPhoneSimulator.ActiveCfg = Debug|iPhoneSimulator
		{69873B1F-CD31-4BF5-88ED-48C71EDF935C}.Debug|iPhoneSimulator.Build.0 = Debug|iPhoneSimulator
		{69873B1F-CD31-4BF5-88ED-48C71EDF935C}.Debug|x64.ActiveCfg = Debug|iPhone
		{69873B1F-CD31-4BF5-88ED-48C71EDF935C}.Debug|x86.ActiveCfg = Debug|iPhone
		{69873B1F-CD31-4BF5-88ED-48C71EDF935C}.Release|Any CPU.ActiveCfg = Release|iPhone
		{69873B1F-CD31-4BF5-88ED-48C71EDF935C}.Release|ARM.ActiveCfg = Release|iPhone
		{69873B1F-CD31-4BF5-88ED-48C71EDF935C}.Release|iPhone.ActiveCfg = Release|iPhone
		{69873B1F-CD31-4BF5-88ED-48C71EDF935C}.Release|iPhone.Build.0 = Release|iPhone
		{69873B1F-CD31-4BF5-88ED-48C71EDF935C}.Release|iPhoneSimulator.ActiveCfg = Release|iPhoneSimulator
		{69873B1F-CD31-4BF5-88ED-48C71EDF935C}.Release|iPhoneSimulator.Build.0 = Release|iPhoneSimulator
		{69873B1F-CD31-4BF5-88ED-48C71EDF935C}.Release|x64.ActiveCfg = Release|iPhone
		{69873B1F-CD31-4BF5-88ED-48C71EDF935C}.Release|x86.ActiveCfg = Release|iPhone
		{89C38D9C-F0CF-4A33-8EC1-EA06ED4F5D42}.Ad-Hoc|Any CPU.ActiveCfg = Release|x86
		{89C38D9C-F0CF-4A33-8EC1-EA06ED4F5D42}.Ad-Hoc|Any CPU.Build.0 = Release|x86
		{89C38D9C-F0CF-4A33-8EC1-EA06ED4F5D42}.Ad-Hoc|Any CPU.Deploy.0 = Release|x86
		{89C38D9C-F0CF-4A33-8EC1-EA06ED4F5D42}.Ad-Hoc|ARM.ActiveCfg = Release|ARM
		{89C38D9C-F0CF-4A33-8EC1-EA06ED4F5D42}.Ad-Hoc|ARM.Build.0 = Release|ARM
		{89C38D9C-F0CF-4A33-8EC1-EA06ED4F5D42}.Ad-Hoc|ARM.Deploy.0 = Release|ARM
		{89C38D9C-F0CF-4A33-8EC1-EA06ED4F5D42}.Ad-Hoc|iPhone.ActiveCfg = Release|x86
		{89C38D9C-F0CF-4A33-8EC1-EA06ED4F5D42}.Ad-Hoc|iPhone.Build.0 = Release|x86
		{89C38D9C-F0CF-4A33-8EC1-EA06ED4F5D42}.Ad-Hoc|iPhone.Deploy.0 = Release|x86
		{89C38D9C-F0CF-4A33-8EC1-EA06ED4F5D42}.Ad-Hoc|iPhoneSimulator.ActiveCfg = Release|x86
		{89C38D9C-F0CF-4A33-8EC1-EA06ED4F5D42}.Ad-Hoc|iPhoneSimulator.Build.0 = Release|x86
		{89C38D9C-F0CF-4A33-8EC1-EA06ED4F5D42}.Ad-Hoc|iPhoneSimulator.Deploy.0 = Release|x86
		{89C38D9C-F0CF-4A33-8EC1-EA06ED4F5D42}.Ad-Hoc|x64.ActiveCfg = Release|x64
		{89C38D9C-F0CF-4A33-8EC1-EA06ED4F5D42}.Ad-Hoc|x64.Build.0 = Release|x64
		{89C38D9C-F0CF-4A33-8EC1-EA06ED4F5D42}.Ad-Hoc|x64.Deploy.0 = Release|x64
		{89C38D9C-F0CF-4A33-8EC1-EA06ED4F5D42}.Ad-Hoc|x86.ActiveCfg = Release|x86
		{89C38D9C-F0CF-4A33-8EC1-EA06ED4F5D42}.Ad-Hoc|x86.Build.0 = Release|x86
		{89C38D9C-F0CF-4A33-8EC1-EA06ED4F5D42}.Ad-Hoc|x86.Deploy.0 = Release|x86
		{89C38D9C-F0CF-4A33-8EC1-EA06ED4F5D42}.AppStore|Any CPU.ActiveCfg = Release|x86
		{89C38D9C-F0CF-4A33-8EC1-EA06ED4F5D42}.AppStore|Any CPU.Build.0 = Release|x86
		{89C38D9C-F0CF-4A33-8EC1-EA06ED4F5D42}.AppStore|Any CPU.Deploy.0 = Release|x86
		{89C38D9C-F0CF-4A33-8EC1-EA06ED4F5D42}.AppStore|ARM.ActiveCfg = Release|ARM
		{89C38D9C-F0CF-4A33-8EC1-EA06ED4F5D42}.AppStore|ARM.Build.0 = Release|ARM
		{89C38D9C-F0CF-4A33-8EC1-EA06ED4F5D42}.AppStore|ARM.Deploy.0 = Release|ARM
		{89C38D9C-F0CF-4A33-8EC1-EA06ED4F5D42}.AppStore|iPhone.ActiveCfg = Release|x86
		{89C38D9C-F0CF-4A33-8EC1-EA06ED4F5D42}.AppStore|iPhone.Build.0 = Release|x86
		{89C38D9C-F0CF-4A33-8EC1-EA06ED4F5D42}.AppStore|iPhone.Deploy.0 = Release|x86
		{89C38D9C-F0CF-4A33-8EC1-EA06ED4F5D42}.AppStore|iPhoneSimulator.ActiveCfg = Release|x86
		{89C38D9C-F0CF-4A33-8EC1-EA06ED4F5D42}.AppStore|iPhoneSimulator.Build.0 = Release|x86
		{89C38D9C-F0CF-4A33-8EC1-EA06ED4F5D42}.AppStore|iPhoneSimulator.Deploy.0 = Release|x86
		{89C38D9C-F0CF-4A33-8EC1-EA06ED4F5D42}.AppStore|x64.ActiveCfg = Release|x64
		{89C38D9C-F0CF-4A33-8EC1-EA06ED4F5D42}.AppStore|x64.Build.0 = Release|x64
		{89C38D9C-F0CF-4A33-8EC1-EA06ED4F5D42}.AppStore|x64.Deploy.0 = Release|x64
		{89C38D9C-F0CF-4A33-8EC1-EA06ED4F5D42}.AppStore|x86.ActiveCfg = Release|x86
		{89C38D9C-F0CF-4A33-8EC1-EA06ED4F5D42}.AppStore|x86.Build.0 = Release|x86
		{89C38D9C-F0CF-4A33-8EC1-EA06ED4F5D42}.AppStore|x86.Deploy.0 = Release|x86
		{89C38D9C-F0CF-4A33-8EC1-EA06ED4F5D42}.Debug|Any CPU.ActiveCfg = Debug|x86
		{89C38D9C-F0CF-4A33-8EC1-EA06ED4F5D42}.Debug|Any CPU.Build.0 = Debug|x86
		{89C38D9C-F0CF-4A33-8EC1-EA06ED4F5D42}.Debug|Any CPU.Deploy.0 = Debug|x86
		{89C38D9C-F0CF-4A33-8EC1-EA06ED4F5D42}.Debug|ARM.ActiveCfg = Debug|ARM
		{89C38D9C-F0CF-4A33-8EC1-EA06ED4F5D42}.Debug|ARM.Build.0 = Debug|ARM
		{89C38D9C-F0CF-4A33-8EC1-EA06ED4F5D42}.Debug|ARM.Deploy.0 = Debug|ARM
		{89C38D9C-F0CF-4A33-8EC1-EA06ED4F5D42}.Debug|iPhone.ActiveCfg = Debug|x86
		{89C38D9C-F0CF-4A33-8EC1-EA06ED4F5D42}.Debug|iPhoneSimulator.ActiveCfg = Debug|x86
		{89C38D9C-F0CF-4A33-8EC1-EA06ED4F5D42}.Debug|x64.ActiveCfg = Debug|x64
		{89C38D9C-F0CF-4A33-8EC1-EA06ED4F5D42}.Debug|x64.Build.0 = Debug|x64
		{89C38D9C-F0CF-4A33-8EC1-EA06ED4F5D42}.Debug|x64.Deploy.0 = Debug|x64
		{89C38D9C-F0CF-4A33-8EC1-EA06ED4F5D42}.Debug|x86.ActiveCfg = Debug|x86
		{89C38D9C-F0CF-4A33-8EC1-EA06ED4F5D42}.Debug|x86.Build.0 = Debug|x86
		{89C38D9C-F0CF-4A33-8EC1-EA06ED4F5D42}.Debug|x86.Deploy.0 = Debug|x86
		{89C38D9C-F0CF-4A33-8EC1-EA06ED4F5D42}.Release|Any CPU.ActiveCfg = Release|x86
		{89C38D9C-F0CF-4A33-8EC1-EA06ED4F5D42}.Release|ARM.ActiveCfg = Release|ARM
		{89C38D9C-F0CF-4A33-8EC1-EA06ED4F5D42}.Release|ARM.Build.0 = Release|ARM
		{89C38D9C-F0CF-4A33-8EC1-EA06ED4F5D42}.Release|ARM.Deploy.0 = Release|ARM
		{89C38D9C-F0CF-4A33-8EC1-EA06ED4F5D42}.Release|iPhone.ActiveCfg = Release|x86
		{89C38D9C-F0CF-4A33-8EC1-EA06ED4F5D42}.Release|iPhoneSimulator.ActiveCfg = Release|x86
		{89C38D9C-F0CF-4A33-8EC1-EA06ED4F5D42}.Release|x64.ActiveCfg = Release|x64
		{89C38D9C-F0CF-4A33-8EC1-EA06ED4F5D42}.Release|x64.Build.0 = Release|x64
		{89C38D9C-F0CF-4A33-8EC1-EA06ED4F5D42}.Release|x64.Deploy.0 = Release|x64
		{89C38D9C-F0CF-4A33-8EC1-EA06ED4F5D42}.Release|x86.ActiveCfg = Release|x86
		{89C38D9C-F0CF-4A33-8EC1-EA06ED4F5D42}.Release|x86.Build.0 = Release|x86
		{89C38D9C-F0CF-4A33-8EC1-EA06ED4F5D42}.Release|x86.Deploy.0 = Release|x86
		{290CDB70-CAFA-4AAA-9BBD-E8080BCE2F9F}.Ad-Hoc|Any CPU.ActiveCfg = Release|Any CPU
		{290CDB70-CAFA-4AAA-9BBD-E8080BCE2F9F}.Ad-Hoc|Any CPU.Build.0 = Release|Any CPU
		{290CDB70-CAFA-4AAA-9BBD-E8080BCE2F9F}.Ad-Hoc|ARM.ActiveCfg = Release|Any CPU
		{290CDB70-CAFA-4AAA-9BBD-E8080BCE2F9F}.Ad-Hoc|ARM.Build.0 = Release|Any CPU
		{290CDB70-CAFA-4AAA-9BBD-E8080BCE2F9F}.Ad-Hoc|iPhone.ActiveCfg = Release|Any CPU
		{290CDB70-CAFA-4AAA-9BBD-E8080BCE2F9F}.Ad-Hoc|iPhone.Build.0 = Release|Any CPU
		{290CDB70-CAFA-4AAA-9BBD-E8080BCE2F9F}.Ad-Hoc|iPhoneSimulator.ActiveCfg = Release|Any CPU
		{290CDB70-CAFA-4AAA-9BBD-E8080BCE2F9F}.Ad-Hoc|iPhoneSimulator.Build.0 = Release|Any CPU
		{290CDB70-CAFA-4AAA-9BBD-E8080BCE2F9F}.Ad-Hoc|x64.ActiveCfg = Release|Any CPU
		{290CDB70-CAFA-4AAA-9BBD-E8080BCE2F9F}.Ad-Hoc|x64.Build.0 = Release|Any CPU
		{290CDB70-CAFA-4AAA-9BBD-E8080BCE2F9F}.Ad-Hoc|x86.ActiveCfg = Release|Any CPU
		{290CDB70-CAFA-4AAA-9BBD-E8080BCE2F9F}.Ad-Hoc|x86.Build.0 = Release|Any CPU
		{290CDB70-CAFA-4AAA-9BBD-E8080BCE2F9F}.AppStore|Any CPU.ActiveCfg = Release|Any CPU
		{290CDB70-CAFA-4AAA-9BBD-E8080BCE2F9F}.AppStore|Any CPU.Build.0 = Release|Any CPU
		{290CDB70-CAFA-4AAA-9BBD-E8080BCE2F9F}.AppStore|ARM.ActiveCfg = Release|Any CPU
		{290CDB70-CAFA-4AAA-9BBD-E8080BCE2F9F}.AppStore|ARM.Build.0 = Release|Any CPU
		{290CDB70-CAFA-4AAA-9BBD-E8080BCE2F9F}.AppStore|iPhone.ActiveCfg = Release|Any CPU
		{290CDB70-CAFA-4AAA-9BBD-E8080BCE2F9F}.AppStore|iPhone.Build.0 = Release|Any CPU
		{290CDB70-CAFA-4AAA-9BBD-E8080BCE2F9F}.AppStore|iPhoneSimulator.ActiveCfg = Release|Any CPU
		{290CDB70-CAFA-4AAA-9BBD-E8080BCE2F9F}.AppStore|iPhoneSimulator.Build.0 = Release|Any CPU
		{290CDB70-CAFA-4AAA-9BBD-E8080BCE2F9F}.AppStore|x64.ActiveCfg = Release|Any CPU
		{290CDB70-CAFA-4AAA-9BBD-E8080BCE2F9F}.AppStore|x64.Build.0 = Release|Any CPU
		{290CDB70-CAFA-4AAA-9BBD-E8080BCE2F9F}.AppStore|x86.ActiveCfg = Release|Any CPU
		{290CDB70-CAFA-4AAA-9BBD-E8080BCE2F9F}.AppStore|x86.Build.0 = Release|Any CPU
		{290CDB70-CAFA-4AAA-9BBD-E8080BCE2F9F}.Debug|Any CPU.ActiveCfg = Debug|Any CPU
		{290CDB70-CAFA-4AAA-9BBD-E8080BCE2F9F}.Debug|Any CPU.Build.0 = Debug|Any CPU
		{290CDB70-CAFA-4AAA-9BBD-E8080BCE2F9F}.Debug|ARM.ActiveCfg = Debug|Any CPU
		{290CDB70-CAFA-4AAA-9BBD-E8080BCE2F9F}.Debug|ARM.Build.0 = Debug|Any CPU
		{290CDB70-CAFA-4AAA-9BBD-E8080BCE2F9F}.Debug|iPhone.ActiveCfg = Debug|Any CPU
		{290CDB70-CAFA-4AAA-9BBD-E8080BCE2F9F}.Debug|iPhone.Build.0 = Debug|Any CPU
		{290CDB70-CAFA-4AAA-9BBD-E8080BCE2F9F}.Debug|iPhoneSimulator.ActiveCfg = Debug|Any CPU
		{290CDB70-CAFA-4AAA-9BBD-E8080BCE2F9F}.Debug|iPhoneSimulator.Build.0 = Debug|Any CPU
		{290CDB70-CAFA-4AAA-9BBD-E8080BCE2F9F}.Debug|x64.ActiveCfg = Debug|Any CPU
		{290CDB70-CAFA-4AAA-9BBD-E8080BCE2F9F}.Debug|x64.Build.0 = Debug|Any CPU
		{290CDB70-CAFA-4AAA-9BBD-E8080BCE2F9F}.Debug|x86.ActiveCfg = Debug|Any CPU
		{290CDB70-CAFA-4AAA-9BBD-E8080BCE2F9F}.Debug|x86.Build.0 = Debug|Any CPU
		{290CDB70-CAFA-4AAA-9BBD-E8080BCE2F9F}.Release|Any CPU.ActiveCfg = Release|Any CPU
		{290CDB70-CAFA-4AAA-9BBD-E8080BCE2F9F}.Release|Any CPU.Build.0 = Release|Any CPU
		{290CDB70-CAFA-4AAA-9BBD-E8080BCE2F9F}.Release|ARM.ActiveCfg = Release|Any CPU
		{290CDB70-CAFA-4AAA-9BBD-E8080BCE2F9F}.Release|ARM.Build.0 = Release|Any CPU
		{290CDB70-CAFA-4AAA-9BBD-E8080BCE2F9F}.Release|iPhone.ActiveCfg = Release|Any CPU
		{290CDB70-CAFA-4AAA-9BBD-E8080BCE2F9F}.Release|iPhone.Build.0 = Release|Any CPU
		{290CDB70-CAFA-4AAA-9BBD-E8080BCE2F9F}.Release|iPhoneSimulator.ActiveCfg = Release|Any CPU
		{290CDB70-CAFA-4AAA-9BBD-E8080BCE2F9F}.Release|iPhoneSimulator.Build.0 = Release|Any CPU
		{290CDB70-CAFA-4AAA-9BBD-E8080BCE2F9F}.Release|x64.ActiveCfg = Release|Any CPU
		{290CDB70-CAFA-4AAA-9BBD-E8080BCE2F9F}.Release|x64.Build.0 = Release|Any CPU
		{290CDB70-CAFA-4AAA-9BBD-E8080BCE2F9F}.Release|x86.ActiveCfg = Release|Any CPU
		{290CDB70-CAFA-4AAA-9BBD-E8080BCE2F9F}.Release|x86.Build.0 = Release|Any CPU
		{79118DE3-6119-4524-80B9-0ECD6D642A0A}.Ad-Hoc|Any CPU.ActiveCfg = Release|Any CPU
		{79118DE3-6119-4524-80B9-0ECD6D642A0A}.Ad-Hoc|Any CPU.Build.0 = Release|Any CPU
		{79118DE3-6119-4524-80B9-0ECD6D642A0A}.Ad-Hoc|ARM.ActiveCfg = Release|Any CPU
		{79118DE3-6119-4524-80B9-0ECD6D642A0A}.Ad-Hoc|ARM.Build.0 = Release|Any CPU
		{79118DE3-6119-4524-80B9-0ECD6D642A0A}.Ad-Hoc|iPhone.ActiveCfg = Release|Any CPU
		{79118DE3-6119-4524-80B9-0ECD6D642A0A}.Ad-Hoc|iPhone.Build.0 = Release|Any CPU
		{79118DE3-6119-4524-80B9-0ECD6D642A0A}.Ad-Hoc|iPhoneSimulator.ActiveCfg = Release|Any CPU
		{79118DE3-6119-4524-80B9-0ECD6D642A0A}.Ad-Hoc|iPhoneSimulator.Build.0 = Release|Any CPU
		{79118DE3-6119-4524-80B9-0ECD6D642A0A}.Ad-Hoc|x64.ActiveCfg = Release|Any CPU
		{79118DE3-6119-4524-80B9-0ECD6D642A0A}.Ad-Hoc|x64.Build.0 = Release|Any CPU
		{79118DE3-6119-4524-80B9-0ECD6D642A0A}.Ad-Hoc|x86.ActiveCfg = Release|Any CPU
		{79118DE3-6119-4524-80B9-0ECD6D642A0A}.Ad-Hoc|x86.Build.0 = Release|Any CPU
		{79118DE3-6119-4524-80B9-0ECD6D642A0A}.AppStore|Any CPU.ActiveCfg = Release|Any CPU
		{79118DE3-6119-4524-80B9-0ECD6D642A0A}.AppStore|Any CPU.Build.0 = Release|Any CPU
		{79118DE3-6119-4524-80B9-0ECD6D642A0A}.AppStore|ARM.ActiveCfg = Release|Any CPU
		{79118DE3-6119-4524-80B9-0ECD6D642A0A}.AppStore|ARM.Build.0 = Release|Any CPU
		{79118DE3-6119-4524-80B9-0ECD6D642A0A}.AppStore|iPhone.ActiveCfg = Release|Any CPU
		{79118DE3-6119-4524-80B9-0ECD6D642A0A}.AppStore|iPhone.Build.0 = Release|Any CPU
		{79118DE3-6119-4524-80B9-0ECD6D642A0A}.AppStore|iPhoneSimulator.ActiveCfg = Release|Any CPU
		{79118DE3-6119-4524-80B9-0ECD6D642A0A}.AppStore|iPhoneSimulator.Build.0 = Release|Any CPU
		{79118DE3-6119-4524-80B9-0ECD6D642A0A}.AppStore|x64.ActiveCfg = Release|Any CPU
		{79118DE3-6119-4524-80B9-0ECD6D642A0A}.AppStore|x64.Build.0 = Release|Any CPU
		{79118DE3-6119-4524-80B9-0ECD6D642A0A}.AppStore|x86.ActiveCfg = Release|Any CPU
		{79118DE3-6119-4524-80B9-0ECD6D642A0A}.AppStore|x86.Build.0 = Release|Any CPU
		{79118DE3-6119-4524-80B9-0ECD6D642A0A}.Debug|Any CPU.ActiveCfg = Debug|Any CPU
		{79118DE3-6119-4524-80B9-0ECD6D642A0A}.Debug|Any CPU.Build.0 = Debug|Any CPU
		{79118DE3-6119-4524-80B9-0ECD6D642A0A}.Debug|ARM.ActiveCfg = Debug|Any CPU
		{79118DE3-6119-4524-80B9-0ECD6D642A0A}.Debug|ARM.Build.0 = Debug|Any CPU
		{79118DE3-6119-4524-80B9-0ECD6D642A0A}.Debug|iPhone.ActiveCfg = Debug|Any CPU
		{79118DE3-6119-4524-80B9-0ECD6D642A0A}.Debug|iPhone.Build.0 = Debug|Any CPU
		{79118DE3-6119-4524-80B9-0ECD6D642A0A}.Debug|iPhoneSimulator.ActiveCfg = Debug|Any CPU
		{79118DE3-6119-4524-80B9-0ECD6D642A0A}.Debug|iPhoneSimulator.Build.0 = Debug|Any CPU
		{79118DE3-6119-4524-80B9-0ECD6D642A0A}.Debug|x64.ActiveCfg = Debug|Any CPU
		{79118DE3-6119-4524-80B9-0ECD6D642A0A}.Debug|x64.Build.0 = Debug|Any CPU
		{79118DE3-6119-4524-80B9-0ECD6D642A0A}.Debug|x86.ActiveCfg = Debug|Any CPU
		{79118DE3-6119-4524-80B9-0ECD6D642A0A}.Debug|x86.Build.0 = Debug|Any CPU
		{79118DE3-6119-4524-80B9-0ECD6D642A0A}.Release|Any CPU.ActiveCfg = Release|Any CPU
		{79118DE3-6119-4524-80B9-0ECD6D642A0A}.Release|Any CPU.Build.0 = Release|Any CPU
		{79118DE3-6119-4524-80B9-0ECD6D642A0A}.Release|ARM.ActiveCfg = Release|Any CPU
		{79118DE3-6119-4524-80B9-0ECD6D642A0A}.Release|ARM.Build.0 = Release|Any CPU
		{79118DE3-6119-4524-80B9-0ECD6D642A0A}.Release|iPhone.ActiveCfg = Release|Any CPU
		{79118DE3-6119-4524-80B9-0ECD6D642A0A}.Release|iPhone.Build.0 = Release|Any CPU
		{79118DE3-6119-4524-80B9-0ECD6D642A0A}.Release|iPhoneSimulator.ActiveCfg = Release|Any CPU
		{79118DE3-6119-4524-80B9-0ECD6D642A0A}.Release|iPhoneSimulator.Build.0 = Release|Any CPU
		{79118DE3-6119-4524-80B9-0ECD6D642A0A}.Release|x64.ActiveCfg = Release|Any CPU
		{79118DE3-6119-4524-80B9-0ECD6D642A0A}.Release|x64.Build.0 = Release|Any CPU
		{79118DE3-6119-4524-80B9-0ECD6D642A0A}.Release|x86.ActiveCfg = Release|Any CPU
		{79118DE3-6119-4524-80B9-0ECD6D642A0A}.Release|x86.Build.0 = Release|Any CPU
		{F9A295FF-B8BE-48F0-9C8B-B7D098F82E53}.Ad-Hoc|Any CPU.ActiveCfg = Release|Any CPU
		{F9A295FF-B8BE-48F0-9C8B-B7D098F82E53}.Ad-Hoc|Any CPU.Build.0 = Release|Any CPU
		{F9A295FF-B8BE-48F0-9C8B-B7D098F82E53}.Ad-Hoc|ARM.ActiveCfg = Release|Any CPU
		{F9A295FF-B8BE-48F0-9C8B-B7D098F82E53}.Ad-Hoc|ARM.Build.0 = Release|Any CPU
		{F9A295FF-B8BE-48F0-9C8B-B7D098F82E53}.Ad-Hoc|iPhone.ActiveCfg = Release|Any CPU
		{F9A295FF-B8BE-48F0-9C8B-B7D098F82E53}.Ad-Hoc|iPhone.Build.0 = Release|Any CPU
		{F9A295FF-B8BE-48F0-9C8B-B7D098F82E53}.Ad-Hoc|iPhoneSimulator.ActiveCfg = Release|Any CPU
		{F9A295FF-B8BE-48F0-9C8B-B7D098F82E53}.Ad-Hoc|iPhoneSimulator.Build.0 = Release|Any CPU
		{F9A295FF-B8BE-48F0-9C8B-B7D098F82E53}.Ad-Hoc|x64.ActiveCfg = Release|Any CPU
		{F9A295FF-B8BE-48F0-9C8B-B7D098F82E53}.Ad-Hoc|x64.Build.0 = Release|Any CPU
		{F9A295FF-B8BE-48F0-9C8B-B7D098F82E53}.Ad-Hoc|x86.ActiveCfg = Release|Any CPU
		{F9A295FF-B8BE-48F0-9C8B-B7D098F82E53}.Ad-Hoc|x86.Build.0 = Release|Any CPU
		{F9A295FF-B8BE-48F0-9C8B-B7D098F82E53}.AppStore|Any CPU.ActiveCfg = Release|Any CPU
		{F9A295FF-B8BE-48F0-9C8B-B7D098F82E53}.AppStore|Any CPU.Build.0 = Release|Any CPU
		{F9A295FF-B8BE-48F0-9C8B-B7D098F82E53}.AppStore|ARM.ActiveCfg = Release|Any CPU
		{F9A295FF-B8BE-48F0-9C8B-B7D098F82E53}.AppStore|ARM.Build.0 = Release|Any CPU
		{F9A295FF-B8BE-48F0-9C8B-B7D098F82E53}.AppStore|iPhone.ActiveCfg = Release|Any CPU
		{F9A295FF-B8BE-48F0-9C8B-B7D098F82E53}.AppStore|iPhone.Build.0 = Release|Any CPU
		{F9A295FF-B8BE-48F0-9C8B-B7D098F82E53}.AppStore|iPhoneSimulator.ActiveCfg = Release|Any CPU
		{F9A295FF-B8BE-48F0-9C8B-B7D098F82E53}.AppStore|iPhoneSimulator.Build.0 = Release|Any CPU
		{F9A295FF-B8BE-48F0-9C8B-B7D098F82E53}.AppStore|x64.ActiveCfg = Release|Any CPU
		{F9A295FF-B8BE-48F0-9C8B-B7D098F82E53}.AppStore|x64.Build.0 = Release|Any CPU
		{F9A295FF-B8BE-48F0-9C8B-B7D098F82E53}.AppStore|x86.ActiveCfg = Release|Any CPU
		{F9A295FF-B8BE-48F0-9C8B-B7D098F82E53}.AppStore|x86.Build.0 = Release|Any CPU
		{F9A295FF-B8BE-48F0-9C8B-B7D098F82E53}.Debug|Any CPU.ActiveCfg = Debug|Any CPU
		{F9A295FF-B8BE-48F0-9C8B-B7D098F82E53}.Debug|Any CPU.Build.0 = Debug|Any CPU
		{F9A295FF-B8BE-48F0-9C8B-B7D098F82E53}.Debug|ARM.ActiveCfg = Debug|Any CPU
		{F9A295FF-B8BE-48F0-9C8B-B7D098F82E53}.Debug|ARM.Build.0 = Debug|Any CPU
		{F9A295FF-B8BE-48F0-9C8B-B7D098F82E53}.Debug|iPhone.ActiveCfg = Debug|Any CPU
		{F9A295FF-B8BE-48F0-9C8B-B7D098F82E53}.Debug|iPhone.Build.0 = Debug|Any CPU
		{F9A295FF-B8BE-48F0-9C8B-B7D098F82E53}.Debug|iPhoneSimulator.ActiveCfg = Debug|Any CPU
		{F9A295FF-B8BE-48F0-9C8B-B7D098F82E53}.Debug|iPhoneSimulator.Build.0 = Debug|Any CPU
		{F9A295FF-B8BE-48F0-9C8B-B7D098F82E53}.Debug|x64.ActiveCfg = Debug|Any CPU
		{F9A295FF-B8BE-48F0-9C8B-B7D098F82E53}.Debug|x64.Build.0 = Debug|Any CPU
		{F9A295FF-B8BE-48F0-9C8B-B7D098F82E53}.Debug|x86.ActiveCfg = Debug|Any CPU
		{F9A295FF-B8BE-48F0-9C8B-B7D098F82E53}.Debug|x86.Build.0 = Debug|Any CPU
		{F9A295FF-B8BE-48F0-9C8B-B7D098F82E53}.Release|Any CPU.ActiveCfg = Release|Any CPU
		{F9A295FF-B8BE-48F0-9C8B-B7D098F82E53}.Release|Any CPU.Build.0 = Release|Any CPU
		{F9A295FF-B8BE-48F0-9C8B-B7D098F82E53}.Release|ARM.ActiveCfg = Release|Any CPU
		{F9A295FF-B8BE-48F0-9C8B-B7D098F82E53}.Release|ARM.Build.0 = Release|Any CPU
		{F9A295FF-B8BE-48F0-9C8B-B7D098F82E53}.Release|iPhone.ActiveCfg = Release|Any CPU
		{F9A295FF-B8BE-48F0-9C8B-B7D098F82E53}.Release|iPhone.Build.0 = Release|Any CPU
		{F9A295FF-B8BE-48F0-9C8B-B7D098F82E53}.Release|iPhoneSimulator.ActiveCfg = Release|Any CPU
		{F9A295FF-B8BE-48F0-9C8B-B7D098F82E53}.Release|iPhoneSimulator.Build.0 = Release|Any CPU
		{F9A295FF-B8BE-48F0-9C8B-B7D098F82E53}.Release|x64.ActiveCfg = Release|Any CPU
		{F9A295FF-B8BE-48F0-9C8B-B7D098F82E53}.Release|x64.Build.0 = Release|Any CPU
		{F9A295FF-B8BE-48F0-9C8B-B7D098F82E53}.Release|x86.ActiveCfg = Release|Any CPU
		{F9A295FF-B8BE-48F0-9C8B-B7D098F82E53}.Release|x86.Build.0 = Release|Any CPU
		{96909358-E078-46ED-A564-64BDE8F8E53B}.Ad-Hoc|Any CPU.ActiveCfg = Release|Any CPU
		{96909358-E078-46ED-A564-64BDE8F8E53B}.Ad-Hoc|Any CPU.Build.0 = Release|Any CPU
		{96909358-E078-46ED-A564-64BDE8F8E53B}.Ad-Hoc|ARM.ActiveCfg = Release|Any CPU
		{96909358-E078-46ED-A564-64BDE8F8E53B}.Ad-Hoc|ARM.Build.0 = Release|Any CPU
		{96909358-E078-46ED-A564-64BDE8F8E53B}.Ad-Hoc|iPhone.ActiveCfg = Release|Any CPU
		{96909358-E078-46ED-A564-64BDE8F8E53B}.Ad-Hoc|iPhone.Build.0 = Release|Any CPU
		{96909358-E078-46ED-A564-64BDE8F8E53B}.Ad-Hoc|iPhoneSimulator.ActiveCfg = Release|Any CPU
		{96909358-E078-46ED-A564-64BDE8F8E53B}.Ad-Hoc|iPhoneSimulator.Build.0 = Release|Any CPU
		{96909358-E078-46ED-A564-64BDE8F8E53B}.Ad-Hoc|x64.ActiveCfg = Release|Any CPU
		{96909358-E078-46ED-A564-64BDE8F8E53B}.Ad-Hoc|x64.Build.0 = Release|Any CPU
		{96909358-E078-46ED-A564-64BDE8F8E53B}.Ad-Hoc|x86.ActiveCfg = Release|Any CPU
		{96909358-E078-46ED-A564-64BDE8F8E53B}.Ad-Hoc|x86.Build.0 = Release|Any CPU
		{96909358-E078-46ED-A564-64BDE8F8E53B}.AppStore|Any CPU.ActiveCfg = Release|Any CPU
		{96909358-E078-46ED-A564-64BDE8F8E53B}.AppStore|Any CPU.Build.0 = Release|Any CPU
		{96909358-E078-46ED-A564-64BDE8F8E53B}.AppStore|ARM.ActiveCfg = Release|Any CPU
		{96909358-E078-46ED-A564-64BDE8F8E53B}.AppStore|ARM.Build.0 = Release|Any CPU
		{96909358-E078-46ED-A564-64BDE8F8E53B}.AppStore|iPhone.ActiveCfg = Release|Any CPU
		{96909358-E078-46ED-A564-64BDE8F8E53B}.AppStore|iPhone.Build.0 = Release|Any CPU
		{96909358-E078-46ED-A564-64BDE8F8E53B}.AppStore|iPhoneSimulator.ActiveCfg = Release|Any CPU
		{96909358-E078-46ED-A564-64BDE8F8E53B}.AppStore|iPhoneSimulator.Build.0 = Release|Any CPU
		{96909358-E078-46ED-A564-64BDE8F8E53B}.AppStore|x64.ActiveCfg = Release|Any CPU
		{96909358-E078-46ED-A564-64BDE8F8E53B}.AppStore|x64.Build.0 = Release|Any CPU
		{96909358-E078-46ED-A564-64BDE8F8E53B}.AppStore|x86.ActiveCfg = Release|Any CPU
		{96909358-E078-46ED-A564-64BDE8F8E53B}.AppStore|x86.Build.0 = Release|Any CPU
		{96909358-E078-46ED-A564-64BDE8F8E53B}.Debug|Any CPU.ActiveCfg = Debug|Any CPU
		{96909358-E078-46ED-A564-64BDE8F8E53B}.Debug|Any CPU.Build.0 = Debug|Any CPU
		{96909358-E078-46ED-A564-64BDE8F8E53B}.Debug|ARM.ActiveCfg = Debug|Any CPU
		{96909358-E078-46ED-A564-64BDE8F8E53B}.Debug|ARM.Build.0 = Debug|Any CPU
		{96909358-E078-46ED-A564-64BDE8F8E53B}.Debug|iPhone.ActiveCfg = Debug|Any CPU
		{96909358-E078-46ED-A564-64BDE8F8E53B}.Debug|iPhone.Build.0 = Debug|Any CPU
		{96909358-E078-46ED-A564-64BDE8F8E53B}.Debug|iPhoneSimulator.ActiveCfg = Debug|Any CPU
		{96909358-E078-46ED-A564-64BDE8F8E53B}.Debug|iPhoneSimulator.Build.0 = Debug|Any CPU
		{96909358-E078-46ED-A564-64BDE8F8E53B}.Debug|x64.ActiveCfg = Debug|Any CPU
		{96909358-E078-46ED-A564-64BDE8F8E53B}.Debug|x64.Build.0 = Debug|Any CPU
		{96909358-E078-46ED-A564-64BDE8F8E53B}.Debug|x86.ActiveCfg = Debug|Any CPU
		{96909358-E078-46ED-A564-64BDE8F8E53B}.Debug|x86.Build.0 = Debug|Any CPU
		{96909358-E078-46ED-A564-64BDE8F8E53B}.Release|Any CPU.ActiveCfg = Release|Any CPU
		{96909358-E078-46ED-A564-64BDE8F8E53B}.Release|Any CPU.Build.0 = Release|Any CPU
		{96909358-E078-46ED-A564-64BDE8F8E53B}.Release|ARM.ActiveCfg = Release|Any CPU
		{96909358-E078-46ED-A564-64BDE8F8E53B}.Release|ARM.Build.0 = Release|Any CPU
		{96909358-E078-46ED-A564-64BDE8F8E53B}.Release|iPhone.ActiveCfg = Release|Any CPU
		{96909358-E078-46ED-A564-64BDE8F8E53B}.Release|iPhone.Build.0 = Release|Any CPU
		{96909358-E078-46ED-A564-64BDE8F8E53B}.Release|iPhoneSimulator.ActiveCfg = Release|Any CPU
		{96909358-E078-46ED-A564-64BDE8F8E53B}.Release|iPhoneSimulator.Build.0 = Release|Any CPU
		{96909358-E078-46ED-A564-64BDE8F8E53B}.Release|x64.ActiveCfg = Release|Any CPU
		{96909358-E078-46ED-A564-64BDE8F8E53B}.Release|x64.Build.0 = Release|Any CPU
		{96909358-E078-46ED-A564-64BDE8F8E53B}.Release|x86.ActiveCfg = Release|Any CPU
		{96909358-E078-46ED-A564-64BDE8F8E53B}.Release|x86.Build.0 = Release|Any CPU
	EndGlobalSection
	GlobalSection(SolutionProperties) = preSolution
		HideSolutionNode = FALSE
	EndGlobalSection
EndGlobal
