
Microsoft Visual Studio Solution File, Format Version 12.00
# Visual Studio 14
VisualStudioVersion = 14.0.25420.1
MinimumVisualStudioVersion = 10.0.40219.1
Project("{FAE04EC0-301F-11D3-BF4B-00C04F79EFBC}") = "project_Xamarin", "project_Xamarin\project_Xamarin\project_Xamarin.csproj", "{613EC072-B4BA-4FA3-A7B5-DA82A7F7B743}"
EndProject
Project("{FAE04EC0-301F-11D3-BF4B-00C04F79EFBC}") = "project_Xamarin.Droid", "project_Xamarin\project_Xamarin.Droid\project_Xamarin.Droid.csproj", "{2FD03ABC-950E-4F19-BD52-275C9A797BFE}"
EndProject
Project("{FAE04EC0-301F-11D3-BF4B-00C04F79EFBC}") = "project_Xamarin.iOS", "project_Xamarin\project_Xamarin.iOS\project_Xamarin.iOS.csproj", "{87AF14C3-DEC2-457A-84B6-F06B6D431D31}"
EndProject
Project("{FAE04EC0-301F-11D3-BF4B-00C04F79EFBC}") = "project_Xamarin.WinPhone", "project_Xamarin\project_Xamarin.WinPhone\project_Xamarin.WinPhone.csproj", "{5090F139-68E9-4394-8B97-DD7126C92BD3}"
EndProject
Project("{FAE04EC0-301F-11D3-BF4B-00C04F79EFBC}") = "project_Xamarin.UWP", "project_Xamarin\project_Xamarin.UWP\project_Xamarin.UWP.csproj", "{59C8C3E2-E578-4F2C-BC8B-B53318DE226E}"
EndProject
Project("{FAE04EC0-301F-11D3-BF4B-00C04F79EFBC}") = "project_Xamarin.Windows", "project_Xamarin\project_Xamarin.Windows\project_Xamarin.Windows.csproj", "{450AE0FD-C4B2-4B34-AFDC-76CB62479D10}"
EndProject
Global
	GlobalSection(SolutionConfigurationPlatforms) = preSolution
		Ad-Hoc|Any CPU = Ad-Hoc|Any CPU
		Ad-Hoc|ARM = Ad-Hoc|ARM
		Ad-Hoc|iPhone = Ad-Hoc|iPhone
		Ad-Hoc|iPhoneSimulator = Ad-Hoc|iPhoneSimulator
		Ad-Hoc|x64 = Ad-Hoc|x64
		Ad-Hoc|x86 = Ad-Hoc|x86
		AppStore|Any CPU = AppStore|Any CPU
		AppStore|ARM = AppStore|ARM
		AppStore|iPhone = AppStore|iPhone
		AppStore|iPhoneSimulator = AppStore|iPhoneSimulator
		AppStore|x64 = AppStore|x64
		AppStore|x86 = AppStore|x86
		Debug|Any CPU = Debug|Any CPU
		Debug|ARM = Debug|ARM
		Debug|iPhone = Debug|iPhone
		Debug|iPhoneSimulator = Debug|iPhoneSimulator
		Debug|x64 = Debug|x64
		Debug|x86 = Debug|x86
		Release|Any CPU = Release|Any CPU
		Release|ARM = Release|ARM
		Release|iPhone = Release|iPhone
		Release|iPhoneSimulator = Release|iPhoneSimulator
		Release|x64 = Release|x64
		Release|x86 = Release|x86
	EndGlobalSection
	GlobalSection(ProjectConfigurationPlatforms) = postSolution
		{613EC072-B4BA-4FA3-A7B5-DA82A7F7B743}.Ad-Hoc|Any CPU.ActiveCfg = Release|Any CPU
		{613EC072-B4BA-4FA3-A7B5-DA82A7F7B743}.Ad-Hoc|Any CPU.Build.0 = Release|Any CPU
		{613EC072-B4BA-4FA3-A7B5-DA82A7F7B743}.Ad-Hoc|ARM.ActiveCfg = Release|Any CPU
		{613EC072-B4BA-4FA3-A7B5-DA82A7F7B743}.Ad-Hoc|ARM.Build.0 = Release|Any CPU
		{613EC072-B4BA-4FA3-A7B5-DA82A7F7B743}.Ad-Hoc|iPhone.ActiveCfg = Release|Any CPU
		{613EC072-B4BA-4FA3-A7B5-DA82A7F7B743}.Ad-Hoc|iPhone.Build.0 = Release|Any CPU
		{613EC072-B4BA-4FA3-A7B5-DA82A7F7B743}.Ad-Hoc|iPhoneSimulator.ActiveCfg = Release|Any CPU
		{613EC072-B4BA-4FA3-A7B5-DA82A7F7B743}.Ad-Hoc|iPhoneSimulator.Build.0 = Release|Any CPU
		{613EC072-B4BA-4FA3-A7B5-DA82A7F7B743}.Ad-Hoc|x64.ActiveCfg = Release|Any CPU
		{613EC072-B4BA-4FA3-A7B5-DA82A7F7B743}.Ad-Hoc|x64.Build.0 = Release|Any CPU
		{613EC072-B4BA-4FA3-A7B5-DA82A7F7B743}.Ad-Hoc|x86.ActiveCfg = Release|Any CPU
		{613EC072-B4BA-4FA3-A7B5-DA82A7F7B743}.Ad-Hoc|x86.Build.0 = Release|Any CPU
		{613EC072-B4BA-4FA3-A7B5-DA82A7F7B743}.AppStore|Any CPU.ActiveCfg = Release|Any CPU
		{613EC072-B4BA-4FA3-A7B5-DA82A7F7B743}.AppStore|Any CPU.Build.0 = Release|Any CPU
		{613EC072-B4BA-4FA3-A7B5-DA82A7F7B743}.AppStore|ARM.ActiveCfg = Release|Any CPU
		{613EC072-B4BA-4FA3-A7B5-DA82A7F7B743}.AppStore|ARM.Build.0 = Release|Any CPU
		{613EC072-B4BA-4FA3-A7B5-DA82A7F7B743}.AppStore|iPhone.ActiveCfg = Release|Any CPU
		{613EC072-B4BA-4FA3-A7B5-DA82A7F7B743}.AppStore|iPhone.Build.0 = Release|Any CPU
		{613EC072-B4BA-4FA3-A7B5-DA82A7F7B743}.AppStore|iPhoneSimulator.ActiveCfg = Release|Any CPU
		{613EC072-B4BA-4FA3-A7B5-DA82A7F7B743}.AppStore|iPhoneSimulator.Build.0 = Release|Any CPU
		{613EC072-B4BA-4FA3-A7B5-DA82A7F7B743}.AppStore|x64.ActiveCfg = Release|Any CPU
		{613EC072-B4BA-4FA3-A7B5-DA82A7F7B743}.AppStore|x64.Build.0 = Release|Any CPU
		{613EC072-B4BA-4FA3-A7B5-DA82A7F7B743}.AppStore|x86.ActiveCfg = Release|Any CPU
		{613EC072-B4BA-4FA3-A7B5-DA82A7F7B743}.AppStore|x86.Build.0 = Release|Any CPU
		{613EC072-B4BA-4FA3-A7B5-DA82A7F7B743}.Debug|Any CPU.ActiveCfg = Debug|Any CPU
		{613EC072-B4BA-4FA3-A7B5-DA82A7F7B743}.Debug|Any CPU.Build.0 = Debug|Any CPU
		{613EC072-B4BA-4FA3-A7B5-DA82A7F7B743}.Debug|ARM.ActiveCfg = Debug|Any CPU
		{613EC072-B4BA-4FA3-A7B5-DA82A7F7B743}.Debug|ARM.Build.0 = Debug|Any CPU
		{613EC072-B4BA-4FA3-A7B5-DA82A7F7B743}.Debug|iPhone.ActiveCfg = Debug|Any CPU
		{613EC072-B4BA-4FA3-A7B5-DA82A7F7B743}.Debug|iPhone.Build.0 = Debug|Any CPU
		{613EC072-B4BA-4FA3-A7B5-DA82A7F7B743}.Debug|iPhoneSimulator.ActiveCfg = Debug|Any CPU
		{613EC072-B4BA-4FA3-A7B5-DA82A7F7B743}.Debug|iPhoneSimulator.Build.0 = Debug|Any CPU
		{613EC072-B4BA-4FA3-A7B5-DA82A7F7B743}.Debug|x64.ActiveCfg = Debug|Any CPU
		{613EC072-B4BA-4FA3-A7B5-DA82A7F7B743}.Debug|x64.Build.0 = Debug|Any CPU
		{613EC072-B4BA-4FA3-A7B5-DA82A7F7B743}.Debug|x86.ActiveCfg = Debug|Any CPU
		{613EC072-B4BA-4FA3-A7B5-DA82A7F7B743}.Debug|x86.Build.0 = Debug|Any CPU
		{613EC072-B4BA-4FA3-A7B5-DA82A7F7B743}.Release|Any CPU.ActiveCfg = Release|Any CPU
		{613EC072-B4BA-4FA3-A7B5-DA82A7F7B743}.Release|Any CPU.Build.0 = Release|Any CPU
		{613EC072-B4BA-4FA3-A7B5-DA82A7F7B743}.Release|ARM.ActiveCfg = Release|Any CPU
		{613EC072-B4BA-4FA3-A7B5-DA82A7F7B743}.Release|ARM.Build.0 = Release|Any CPU
		{613EC072-B4BA-4FA3-A7B5-DA82A7F7B743}.Release|iPhone.ActiveCfg = Release|Any CPU
		{613EC072-B4BA-4FA3-A7B5-DA82A7F7B743}.Release|iPhone.Build.0 = Release|Any CPU
		{613EC072-B4BA-4FA3-A7B5-DA82A7F7B743}.Release|iPhoneSimulator.ActiveCfg = Release|Any CPU
		{613EC072-B4BA-4FA3-A7B5-DA82A7F7B743}.Release|iPhoneSimulator.Build.0 = Release|Any CPU
		{613EC072-B4BA-4FA3-A7B5-DA82A7F7B743}.Release|x64.ActiveCfg = Release|Any CPU
		{613EC072-B4BA-4FA3-A7B5-DA82A7F7B743}.Release|x64.Build.0 = Release|Any CPU
		{613EC072-B4BA-4FA3-A7B5-DA82A7F7B743}.Release|x86.ActiveCfg = Release|Any CPU
		{613EC072-B4BA-4FA3-A7B5-DA82A7F7B743}.Release|x86.Build.0 = Release|Any CPU
		{2FD03ABC-950E-4F19-BD52-275C9A797BFE}.Ad-Hoc|Any CPU.ActiveCfg = Release|Any CPU
		{2FD03ABC-950E-4F19-BD52-275C9A797BFE}.Ad-Hoc|Any CPU.Build.0 = Release|Any CPU
		{2FD03ABC-950E-4F19-BD52-275C9A797BFE}.Ad-Hoc|Any CPU.Deploy.0 = Release|Any CPU
		{2FD03ABC-950E-4F19-BD52-275C9A797BFE}.Ad-Hoc|ARM.ActiveCfg = Release|Any CPU
		{2FD03ABC-950E-4F19-BD52-275C9A797BFE}.Ad-Hoc|ARM.Build.0 = Release|Any CPU
		{2FD03ABC-950E-4F19-BD52-275C9A797BFE}.Ad-Hoc|ARM.Deploy.0 = Release|Any CPU
		{2FD03ABC-950E-4F19-BD52-275C9A797BFE}.Ad-Hoc|iPhone.ActiveCfg = Release|Any CPU
		{2FD03ABC-950E-4F19-BD52-275C9A797BFE}.Ad-Hoc|iPhone.Build.0 = Release|Any CPU
		{2FD03ABC-950E-4F19-BD52-275C9A797BFE}.Ad-Hoc|iPhone.Deploy.0 = Release|Any CPU
		{2FD03ABC-950E-4F19-BD52-275C9A797BFE}.Ad-Hoc|iPhoneSimulator.ActiveCfg = Release|Any CPU
		{2FD03ABC-950E-4F19-BD52-275C9A797BFE}.Ad-Hoc|iPhoneSimulator.Build.0 = Release|Any CPU
		{2FD03ABC-950E-4F19-BD52-275C9A797BFE}.Ad-Hoc|iPhoneSimulator.Deploy.0 = Release|Any CPU
		{2FD03ABC-950E-4F19-BD52-275C9A797BFE}.Ad-Hoc|x64.ActiveCfg = Release|Any CPU
		{2FD03ABC-950E-4F19-BD52-275C9A797BFE}.Ad-Hoc|x64.Build.0 = Release|Any CPU
		{2FD03ABC-950E-4F19-BD52-275C9A797BFE}.Ad-Hoc|x64.Deploy.0 = Release|Any CPU
		{2FD03ABC-950E-4F19-BD52-275C9A797BFE}.Ad-Hoc|x86.ActiveCfg = Release|Any CPU
		{2FD03ABC-950E-4F19-BD52-275C9A797BFE}.Ad-Hoc|x86.Build.0 = Release|Any CPU
		{2FD03ABC-950E-4F19-BD52-275C9A797BFE}.Ad-Hoc|x86.Deploy.0 = Release|Any CPU
		{2FD03ABC-950E-4F19-BD52-275C9A797BFE}.AppStore|Any CPU.ActiveCfg = Release|Any CPU
		{2FD03ABC-950E-4F19-BD52-275C9A797BFE}.AppStore|Any CPU.Build.0 = Release|Any CPU
		{2FD03ABC-950E-4F19-BD52-275C9A797BFE}.AppStore|Any CPU.Deploy.0 = Release|Any CPU
		{2FD03ABC-950E-4F19-BD52-275C9A797BFE}.AppStore|ARM.ActiveCfg = Release|Any CPU
		{2FD03ABC-950E-4F19-BD52-275C9A797BFE}.AppStore|ARM.Build.0 = Release|Any CPU
		{2FD03ABC-950E-4F19-BD52-275C9A797BFE}.AppStore|ARM.Deploy.0 = Release|Any CPU
		{2FD03ABC-950E-4F19-BD52-275C9A797BFE}.AppStore|iPhone.ActiveCfg = Release|Any CPU
		{2FD03ABC-950E-4F19-BD52-275C9A797BFE}.AppStore|iPhone.Build.0 = Release|Any CPU
		{2FD03ABC-950E-4F19-BD52-275C9A797BFE}.AppStore|iPhone.Deploy.0 = Release|Any CPU
		{2FD03ABC-950E-4F19-BD52-275C9A797BFE}.AppStore|iPhoneSimulator.ActiveCfg = Release|Any CPU
		{2FD03ABC-950E-4F19-BD52-275C9A797BFE}.AppStore|iPhoneSimulator.Build.0 = Release|Any CPU
		{2FD03ABC-950E-4F19-BD52-275C9A797BFE}.AppStore|iPhoneSimulator.Deploy.0 = Release|Any CPU
		{2FD03ABC-950E-4F19-BD52-275C9A797BFE}.AppStore|x64.ActiveCfg = Release|Any CPU
		{2FD03ABC-950E-4F19-BD52-275C9A797BFE}.AppStore|x64.Build.0 = Release|Any CPU
		{2FD03ABC-950E-4F19-BD52-275C9A797BFE}.AppStore|x64.Deploy.0 = Release|Any CPU
		{2FD03ABC-950E-4F19-BD52-275C9A797BFE}.AppStore|x86.ActiveCfg = Release|Any CPU
		{2FD03ABC-950E-4F19-BD52-275C9A797BFE}.AppStore|x86.Build.0 = Release|Any CPU
		{2FD03ABC-950E-4F19-BD52-275C9A797BFE}.AppStore|x86.Deploy.0 = Release|Any CPU
		{2FD03ABC-950E-4F19-BD52-275C9A797BFE}.Debug|Any CPU.ActiveCfg = Debug|Any CPU
		{2FD03ABC-950E-4F19-BD52-275C9A797BFE}.Debug|Any CPU.Build.0 = Debug|Any CPU
		{2FD03ABC-950E-4F19-BD52-275C9A797BFE}.Debug|Any CPU.Deploy.0 = Debug|Any CPU
		{2FD03ABC-950E-4F19-BD52-275C9A797BFE}.Debug|ARM.ActiveCfg = Debug|Any CPU
		{2FD03ABC-950E-4F19-BD52-275C9A797BFE}.Debug|ARM.Build.0 = Debug|Any CPU
		{2FD03ABC-950E-4F19-BD52-275C9A797BFE}.Debug|ARM.Deploy.0 = Debug|Any CPU
		{2FD03ABC-950E-4F19-BD52-275C9A797BFE}.Debug|iPhone.ActiveCfg = Debug|Any CPU
		{2FD03ABC-950E-4F19-BD52-275C9A797BFE}.Debug|iPhone.Build.0 = Debug|Any CPU
		{2FD03ABC-950E-4F19-BD52-275C9A797BFE}.Debug|iPhone.Deploy.0 = Debug|Any CPU
		{2FD03ABC-950E-4F19-BD52-275C9A797BFE}.Debug|iPhoneSimulator.ActiveCfg = Debug|Any CPU
		{2FD03ABC-950E-4F19-BD52-275C9A797BFE}.Debug|iPhoneSimulator.Build.0 = Debug|Any CPU
		{2FD03ABC-950E-4F19-BD52-275C9A797BFE}.Debug|iPhoneSimulator.Deploy.0 = Debug|Any CPU
		{2FD03ABC-950E-4F19-BD52-275C9A797BFE}.Debug|x64.ActiveCfg = Debug|Any CPU
		{2FD03ABC-950E-4F19-BD52-275C9A797BFE}.Debug|x64.Build.0 = Debug|Any CPU
		{2FD03ABC-950E-4F19-BD52-275C9A797BFE}.Debug|x64.Deploy.0 = Debug|Any CPU
		{2FD03ABC-950E-4F19-BD52-275C9A797BFE}.Debug|x86.ActiveCfg = Debug|Any CPU
		{2FD03ABC-950E-4F19-BD52-275C9A797BFE}.Debug|x86.Build.0 = Debug|Any CPU
		{2FD03ABC-950E-4F19-BD52-275C9A797BFE}.Debug|x86.Deploy.0 = Debug|Any CPU
		{2FD03ABC-950E-4F19-BD52-275C9A797BFE}.Release|Any CPU.ActiveCfg = Release|Any CPU
		{2FD03ABC-950E-4F19-BD52-275C9A797BFE}.Release|Any CPU.Build.0 = Release|Any CPU
		{2FD03ABC-950E-4F19-BD52-275C9A797BFE}.Release|Any CPU.Deploy.0 = Release|Any CPU
		{2FD03ABC-950E-4F19-BD52-275C9A797BFE}.Release|ARM.ActiveCfg = Release|Any CPU
		{2FD03ABC-950E-4F19-BD52-275C9A797BFE}.Release|ARM.Build.0 = Release|Any CPU
		{2FD03ABC-950E-4F19-BD52-275C9A797BFE}.Release|ARM.Deploy.0 = Release|Any CPU
		{2FD03ABC-950E-4F19-BD52-275C9A797BFE}.Release|iPhone.ActiveCfg = Release|Any CPU
		{2FD03ABC-950E-4F19-BD52-275C9A797BFE}.Release|iPhone.Build.0 = Release|Any CPU
		{2FD03ABC-950E-4F19-BD52-275C9A797BFE}.Release|iPhone.Deploy.0 = Release|Any CPU
		{2FD03ABC-950E-4F19-BD52-275C9A797BFE}.Release|iPhoneSimulator.ActiveCfg = Release|Any CPU
		{2FD03ABC-950E-4F19-BD52-275C9A797BFE}.Release|iPhoneSimulator.Build.0 = Release|Any CPU
		{2FD03ABC-950E-4F19-BD52-275C9A797BFE}.Release|iPhoneSimulator.Deploy.0 = Release|Any CPU
		{2FD03ABC-950E-4F19-BD52-275C9A797BFE}.Release|x64.ActiveCfg = Release|Any CPU
		{2FD03ABC-950E-4F19-BD52-275C9A797BFE}.Release|x64.Build.0 = Release|Any CPU
		{2FD03ABC-950E-4F19-BD52-275C9A797BFE}.Release|x64.Deploy.0 = Release|Any CPU
		{2FD03ABC-950E-4F19-BD52-275C9A797BFE}.Release|x86.ActiveCfg = Release|Any CPU
		{2FD03ABC-950E-4F19-BD52-275C9A797BFE}.Release|x86.Build.0 = Release|Any CPU
		{2FD03ABC-950E-4F19-BD52-275C9A797BFE}.Release|x86.Deploy.0 = Release|Any CPU
		{87AF14C3-DEC2-457A-84B6-F06B6D431D31}.Ad-Hoc|Any CPU.ActiveCfg = Ad-Hoc|iPhone
		{87AF14C3-DEC2-457A-84B6-F06B6D431D31}.Ad-Hoc|ARM.ActiveCfg = Ad-Hoc|iPhone
		{87AF14C3-DEC2-457A-84B6-F06B6D431D31}.Ad-Hoc|iPhone.ActiveCfg = Ad-Hoc|iPhone
		{87AF14C3-DEC2-457A-84B6-F06B6D431D31}.Ad-Hoc|iPhone.Build.0 = Ad-Hoc|iPhone
		{87AF14C3-DEC2-457A-84B6-F06B6D431D31}.Ad-Hoc|iPhoneSimulator.ActiveCfg = Ad-Hoc|iPhoneSimulator
		{87AF14C3-DEC2-457A-84B6-F06B6D431D31}.Ad-Hoc|iPhoneSimulator.Build.0 = Ad-Hoc|iPhoneSimulator
		{87AF14C3-DEC2-457A-84B6-F06B6D431D31}.Ad-Hoc|x64.ActiveCfg = Ad-Hoc|iPhone
		{87AF14C3-DEC2-457A-84B6-F06B6D431D31}.Ad-Hoc|x86.ActiveCfg = Ad-Hoc|iPhone
		{87AF14C3-DEC2-457A-84B6-F06B6D431D31}.AppStore|Any CPU.ActiveCfg = AppStore|iPhone
		{87AF14C3-DEC2-457A-84B6-F06B6D431D31}.AppStore|ARM.ActiveCfg = AppStore|iPhone
		{87AF14C3-DEC2-457A-84B6-F06B6D431D31}.AppStore|iPhone.ActiveCfg = AppStore|iPhone
		{87AF14C3-DEC2-457A-84B6-F06B6D431D31}.AppStore|iPhone.Build.0 = AppStore|iPhone
		{87AF14C3-DEC2-457A-84B6-F06B6D431D31}.AppStore|iPhoneSimulator.ActiveCfg = AppStore|iPhoneSimulator
		{87AF14C3-DEC2-457A-84B6-F06B6D431D31}.AppStore|iPhoneSimulator.Build.0 = AppStore|iPhoneSimulator
		{87AF14C3-DEC2-457A-84B6-F06B6D431D31}.AppStore|x64.ActiveCfg = AppStore|iPhone
		{87AF14C3-DEC2-457A-84B6-F06B6D431D31}.AppStore|x86.ActiveCfg = AppStore|iPhone
		{87AF14C3-DEC2-457A-84B6-F06B6D431D31}.Debug|Any CPU.ActiveCfg = Debug|iPhone
		{87AF14C3-DEC2-457A-84B6-F06B6D431D31}.Debug|ARM.ActiveCfg = Debug|iPhone
		{87AF14C3-DEC2-457A-84B6-F06B6D431D31}.Debug|iPhone.ActiveCfg = Debug|iPhone
		{87AF14C3-DEC2-457A-84B6-F06B6D431D31}.Debug|iPhone.Build.0 = Debug|iPhone
		{87AF14C3-DEC2-457A-84B6-F06B6D431D31}.Debug|iPhoneSimulator.ActiveCfg = Debug|iPhoneSimulator
		{87AF14C3-DEC2-457A-84B6-F06B6D431D31}.Debug|iPhoneSimulator.Build.0 = Debug|iPhoneSimulator
		{87AF14C3-DEC2-457A-84B6-F06B6D431D31}.Debug|x64.ActiveCfg = Debug|iPhone
		{87AF14C3-DEC2-457A-84B6-F06B6D431D31}.Debug|x86.ActiveCfg = Debug|iPhone
		{87AF14C3-DEC2-457A-84B6-F06B6D431D31}.Release|Any CPU.ActiveCfg = Release|iPhone
		{87AF14C3-DEC2-457A-84B6-F06B6D431D31}.Release|ARM.ActiveCfg = Release|iPhone
		{87AF14C3-DEC2-457A-84B6-F06B6D431D31}.Release|iPhone.ActiveCfg = Release|iPhone
		{87AF14C3-DEC2-457A-84B6-F06B6D431D31}.Release|iPhone.Build.0 = Release|iPhone
		{87AF14C3-DEC2-457A-84B6-F06B6D431D31}.Release|iPhoneSimulator.ActiveCfg = Release|iPhoneSimulator
		{87AF14C3-DEC2-457A-84B6-F06B6D431D31}.Release|iPhoneSimulator.Build.0 = Release|iPhoneSimulator
		{87AF14C3-DEC2-457A-84B6-F06B6D431D31}.Release|x64.ActiveCfg = Release|iPhone
		{87AF14C3-DEC2-457A-84B6-F06B6D431D31}.Release|x86.ActiveCfg = Release|iPhone
		{5090F139-68E9-4394-8B97-DD7126C92BD3}.Ad-Hoc|Any CPU.ActiveCfg = Release|Any CPU
		{5090F139-68E9-4394-8B97-DD7126C92BD3}.Ad-Hoc|Any CPU.Build.0 = Release|Any CPU
		{5090F139-68E9-4394-8B97-DD7126C92BD3}.Ad-Hoc|Any CPU.Deploy.0 = Release|Any CPU
		{5090F139-68E9-4394-8B97-DD7126C92BD3}.Ad-Hoc|ARM.ActiveCfg = Release|ARM
		{5090F139-68E9-4394-8B97-DD7126C92BD3}.Ad-Hoc|ARM.Build.0 = Release|ARM
		{5090F139-68E9-4394-8B97-DD7126C92BD3}.Ad-Hoc|ARM.Deploy.0 = Release|ARM
		{5090F139-68E9-4394-8B97-DD7126C92BD3}.Ad-Hoc|iPhone.ActiveCfg = Release|Any CPU
		{5090F139-68E9-4394-8B97-DD7126C92BD3}.Ad-Hoc|iPhone.Build.0 = Release|Any CPU
		{5090F139-68E9-4394-8B97-DD7126C92BD3}.Ad-Hoc|iPhone.Deploy.0 = Release|Any CPU
		{5090F139-68E9-4394-8B97-DD7126C92BD3}.Ad-Hoc|iPhoneSimulator.ActiveCfg = Release|Any CPU
		{5090F139-68E9-4394-8B97-DD7126C92BD3}.Ad-Hoc|iPhoneSimulator.Build.0 = Release|Any CPU
		{5090F139-68E9-4394-8B97-DD7126C92BD3}.Ad-Hoc|iPhoneSimulator.Deploy.0 = Release|Any CPU
		{5090F139-68E9-4394-8B97-DD7126C92BD3}.Ad-Hoc|x64.ActiveCfg = Release|Any CPU
		{5090F139-68E9-4394-8B97-DD7126C92BD3}.Ad-Hoc|x64.Build.0 = Release|Any CPU
		{5090F139-68E9-4394-8B97-DD7126C92BD3}.Ad-Hoc|x64.Deploy.0 = Release|Any CPU
		{5090F139-68E9-4394-8B97-DD7126C92BD3}.Ad-Hoc|x86.ActiveCfg = Release|x86
		{5090F139-68E9-4394-8B97-DD7126C92BD3}.Ad-Hoc|x86.Build.0 = Release|x86
		{5090F139-68E9-4394-8B97-DD7126C92BD3}.Ad-Hoc|x86.Deploy.0 = Release|x86
		{5090F139-68E9-4394-8B97-DD7126C92BD3}.AppStore|Any CPU.ActiveCfg = Release|Any CPU
		{5090F139-68E9-4394-8B97-DD7126C92BD3}.AppStore|Any CPU.Build.0 = Release|Any CPU
		{5090F139-68E9-4394-8B97-DD7126C92BD3}.AppStore|Any CPU.Deploy.0 = Release|Any CPU
		{5090F139-68E9-4394-8B97-DD7126C92BD3}.AppStore|ARM.ActiveCfg = Release|ARM
		{5090F139-68E9-4394-8B97-DD7126C92BD3}.AppStore|ARM.Build.0 = Release|ARM
		{5090F139-68E9-4394-8B97-DD7126C92BD3}.AppStore|ARM.Deploy.0 = Release|ARM
		{5090F139-68E9-4394-8B97-DD7126C92BD3}.AppStore|iPhone.ActiveCfg = Release|Any CPU
		{5090F139-68E9-4394-8B97-DD7126C92BD3}.AppStore|iPhone.Build.0 = Release|Any CPU
		{5090F139-68E9-4394-8B97-DD7126C92BD3}.AppStore|iPhone.Deploy.0 = Release|Any CPU
		{5090F139-68E9-4394-8B97-DD7126C92BD3}.AppStore|iPhoneSimulator.ActiveCfg = Release|Any CPU
		{5090F139-68E9-4394-8B97-DD7126C92BD3}.AppStore|iPhoneSimulator.Build.0 = Release|Any CPU
		{5090F139-68E9-4394-8B97-DD7126C92BD3}.AppStore|iPhoneSimulator.Deploy.0 = Release|Any CPU
		{5090F139-68E9-4394-8B97-DD7126C92BD3}.AppStore|x64.ActiveCfg = Release|Any CPU
		{5090F139-68E9-4394-8B97-DD7126C92BD3}.AppStore|x64.Build.0 = Release|Any CPU
		{5090F139-68E9-4394-8B97-DD7126C92BD3}.AppStore|x64.Deploy.0 = Release|Any CPU
		{5090F139-68E9-4394-8B97-DD7126C92BD3}.AppStore|x86.ActiveCfg = Release|x86
		{5090F139-68E9-4394-8B97-DD7126C92BD3}.AppStore|x86.Build.0 = Release|x86
		{5090F139-68E9-4394-8B97-DD7126C92BD3}.AppStore|x86.Deploy.0 = Release|x86
		{5090F139-68E9-4394-8B97-DD7126C92BD3}.Debug|Any CPU.ActiveCfg = Debug|Any CPU
		{5090F139-68E9-4394-8B97-DD7126C92BD3}.Debug|Any CPU.Build.0 = Debug|Any CPU
		{5090F139-68E9-4394-8B97-DD7126C92BD3}.Debug|Any CPU.Deploy.0 = Debug|Any CPU
		{5090F139-68E9-4394-8B97-DD7126C92BD3}.Debug|ARM.ActiveCfg = Debug|ARM
		{5090F139-68E9-4394-8B97-DD7126C92BD3}.Debug|ARM.Build.0 = Debug|ARM
		{5090F139-68E9-4394-8B97-DD7126C92BD3}.Debug|ARM.Deploy.0 = Debug|ARM
		{5090F139-68E9-4394-8B97-DD7126C92BD3}.Debug|iPhone.ActiveCfg = Debug|Any CPU
		{5090F139-68E9-4394-8B97-DD7126C92BD3}.Debug|iPhone.Build.0 = Debug|Any CPU
		{5090F139-68E9-4394-8B97-DD7126C92BD3}.Debug|iPhone.Deploy.0 = Debug|Any CPU
		{5090F139-68E9-4394-8B97-DD7126C92BD3}.Debug|iPhoneSimulator.ActiveCfg = Debug|Any CPU
		{5090F139-68E9-4394-8B97-DD7126C92BD3}.Debug|iPhoneSimulator.Build.0 = Debug|Any CPU
		{5090F139-68E9-4394-8B97-DD7126C92BD3}.Debug|iPhoneSimulator.Deploy.0 = Debug|Any CPU
		{5090F139-68E9-4394-8B97-DD7126C92BD3}.Debug|x64.ActiveCfg = Debug|Any CPU
		{5090F139-68E9-4394-8B97-DD7126C92BD3}.Debug|x64.Build.0 = Debug|Any CPU
		{5090F139-68E9-4394-8B97-DD7126C92BD3}.Debug|x64.Deploy.0 = Debug|Any CPU
		{5090F139-68E9-4394-8B97-DD7126C92BD3}.Debug|x86.ActiveCfg = Debug|x86
		{5090F139-68E9-4394-8B97-DD7126C92BD3}.Debug|x86.Build.0 = Debug|x86
		{5090F139-68E9-4394-8B97-DD7126C92BD3}.Debug|x86.Deploy.0 = Debug|x86
		{5090F139-68E9-4394-8B97-DD7126C92BD3}.Release|Any CPU.ActiveCfg = Release|Any CPU
		{5090F139-68E9-4394-8B97-DD7126C92BD3}.Release|Any CPU.Build.0 = Release|Any CPU
		{5090F139-68E9-4394-8B97-DD7126C92BD3}.Release|Any CPU.Deploy.0 = Release|Any CPU
		{5090F139-68E9-4394-8B97-DD7126C92BD3}.Release|ARM.ActiveCfg = Release|ARM
		{5090F139-68E9-4394-8B97-DD7126C92BD3}.Release|ARM.Build.0 = Release|ARM
		{5090F139-68E9-4394-8B97-DD7126C92BD3}.Release|ARM.Deploy.0 = Release|ARM
		{5090F139-68E9-4394-8B97-DD7126C92BD3}.Release|iPhone.ActiveCfg = Release|Any CPU
		{5090F139-68E9-4394-8B97-DD7126C92BD3}.Release|iPhone.Build.0 = Release|Any CPU
		{5090F139-68E9-4394-8B97-DD7126C92BD3}.Release|iPhone.Deploy.0 = Release|Any CPU
		{5090F139-68E9-4394-8B97-DD7126C92BD3}.Release|iPhoneSimulator.ActiveCfg = Release|Any CPU
		{5090F139-68E9-4394-8B97-DD7126C92BD3}.Release|iPhoneSimulator.Build.0 = Release|Any CPU
		{5090F139-68E9-4394-8B97-DD7126C92BD3}.Release|iPhoneSimulator.Deploy.0 = Release|Any CPU
		{5090F139-68E9-4394-8B97-DD7126C92BD3}.Release|x64.ActiveCfg = Release|Any CPU
		{5090F139-68E9-4394-8B97-DD7126C92BD3}.Release|x64.Build.0 = Release|Any CPU
		{5090F139-68E9-4394-8B97-DD7126C92BD3}.Release|x64.Deploy.0 = Release|Any CPU
		{5090F139-68E9-4394-8B97-DD7126C92BD3}.Release|x86.ActiveCfg = Release|x86
		{5090F139-68E9-4394-8B97-DD7126C92BD3}.Release|x86.Build.0 = Release|x86
		{5090F139-68E9-4394-8B97-DD7126C92BD3}.Release|x86.Deploy.0 = Release|x86
		{59C8C3E2-E578-4F2C-BC8B-B53318DE226E}.Ad-Hoc|Any CPU.ActiveCfg = Release|x86
		{59C8C3E2-E578-4F2C-BC8B-B53318DE226E}.Ad-Hoc|Any CPU.Build.0 = Release|x86
		{59C8C3E2-E578-4F2C-BC8B-B53318DE226E}.Ad-Hoc|Any CPU.Deploy.0 = Release|x86
		{59C8C3E2-E578-4F2C-BC8B-B53318DE226E}.Ad-Hoc|ARM.ActiveCfg = Release|ARM
		{59C8C3E2-E578-4F2C-BC8B-B53318DE226E}.Ad-Hoc|ARM.Build.0 = Release|ARM
		{59C8C3E2-E578-4F2C-BC8B-B53318DE226E}.Ad-Hoc|ARM.Deploy.0 = Release|ARM
		{59C8C3E2-E578-4F2C-BC8B-B53318DE226E}.Ad-Hoc|iPhone.ActiveCfg = Release|x86
		{59C8C3E2-E578-4F2C-BC8B-B53318DE226E}.Ad-Hoc|iPhone.Build.0 = Release|x86
		{59C8C3E2-E578-4F2C-BC8B-B53318DE226E}.Ad-Hoc|iPhone.Deploy.0 = Release|x86
		{59C8C3E2-E578-4F2C-BC8B-B53318DE226E}.Ad-Hoc|iPhoneSimulator.ActiveCfg = Release|x86
		{59C8C3E2-E578-4F2C-BC8B-B53318DE226E}.Ad-Hoc|iPhoneSimulator.Build.0 = Release|x86
		{59C8C3E2-E578-4F2C-BC8B-B53318DE226E}.Ad-Hoc|iPhoneSimulator.Deploy.0 = Release|x86
		{59C8C3E2-E578-4F2C-BC8B-B53318DE226E}.Ad-Hoc|x64.ActiveCfg = Release|x64
		{59C8C3E2-E578-4F2C-BC8B-B53318DE226E}.Ad-Hoc|x64.Build.0 = Release|x64
		{59C8C3E2-E578-4F2C-BC8B-B53318DE226E}.Ad-Hoc|x64.Deploy.0 = Release|x64
		{59C8C3E2-E578-4F2C-BC8B-B53318DE226E}.Ad-Hoc|x86.ActiveCfg = Release|x86
		{59C8C3E2-E578-4F2C-BC8B-B53318DE226E}.Ad-Hoc|x86.Build.0 = Release|x86
		{59C8C3E2-E578-4F2C-BC8B-B53318DE226E}.Ad-Hoc|x86.Deploy.0 = Release|x86
		{59C8C3E2-E578-4F2C-BC8B-B53318DE226E}.AppStore|Any CPU.ActiveCfg = Release|x86
		{59C8C3E2-E578-4F2C-BC8B-B53318DE226E}.AppStore|Any CPU.Build.0 = Release|x86
		{59C8C3E2-E578-4F2C-BC8B-B53318DE226E}.AppStore|Any CPU.Deploy.0 = Release|x86
		{59C8C3E2-E578-4F2C-BC8B-B53318DE226E}.AppStore|ARM.ActiveCfg = Release|ARM
		{59C8C3E2-E578-4F2C-BC8B-B53318DE226E}.AppStore|ARM.Build.0 = Release|ARM
		{59C8C3E2-E578-4F2C-BC8B-B53318DE226E}.AppStore|ARM.Deploy.0 = Release|ARM
		{59C8C3E2-E578-4F2C-BC8B-B53318DE226E}.AppStore|iPhone.ActiveCfg = Release|x86
		{59C8C3E2-E578-4F2C-BC8B-B53318DE226E}.AppStore|iPhone.Build.0 = Release|x86
		{59C8C3E2-E578-4F2C-BC8B-B53318DE226E}.AppStore|iPhone.Deploy.0 = Release|x86
		{59C8C3E2-E578-4F2C-BC8B-B53318DE226E}.AppStore|iPhoneSimulator.ActiveCfg = Release|x86
		{59C8C3E2-E578-4F2C-BC8B-B53318DE226E}.AppStore|iPhoneSimulator.Build.0 = Release|x86
		{59C8C3E2-E578-4F2C-BC8B-B53318DE226E}.AppStore|iPhoneSimulator.Deploy.0 = Release|x86
		{59C8C3E2-E578-4F2C-BC8B-B53318DE226E}.AppStore|x64.ActiveCfg = Release|x64
		{59C8C3E2-E578-4F2C-BC8B-B53318DE226E}.AppStore|x64.Build.0 = Release|x64
		{59C8C3E2-E578-4F2C-BC8B-B53318DE226E}.AppStore|x64.Deploy.0 = Release|x64
		{59C8C3E2-E578-4F2C-BC8B-B53318DE226E}.AppStore|x86.ActiveCfg = Release|x86
		{59C8C3E2-E578-4F2C-BC8B-B53318DE226E}.AppStore|x86.Build.0 = Release|x86
		{59C8C3E2-E578-4F2C-BC8B-B53318DE226E}.AppStore|x86.Deploy.0 = Release|x86
		{59C8C3E2-E578-4F2C-BC8B-B53318DE226E}.Debug|Any CPU.ActiveCfg = Debug|x86
		{59C8C3E2-E578-4F2C-BC8B-B53318DE226E}.Debug|ARM.ActiveCfg = Debug|ARM
		{59C8C3E2-E578-4F2C-BC8B-B53318DE226E}.Debug|ARM.Build.0 = Debug|ARM
		{59C8C3E2-E578-4F2C-BC8B-B53318DE226E}.Debug|ARM.Deploy.0 = Debug|ARM
		{59C8C3E2-E578-4F2C-BC8B-B53318DE226E}.Debug|iPhone.ActiveCfg = Debug|x86
		{59C8C3E2-E578-4F2C-BC8B-B53318DE226E}.Debug|iPhoneSimulator.ActiveCfg = Debug|x86
		{59C8C3E2-E578-4F2C-BC8B-B53318DE226E}.Debug|x64.ActiveCfg = Debug|x64
		{59C8C3E2-E578-4F2C-BC8B-B53318DE226E}.Debug|x64.Build.0 = Debug|x64
		{59C8C3E2-E578-4F2C-BC8B-B53318DE226E}.Debug|x64.Deploy.0 = Debug|x64
		{59C8C3E2-E578-4F2C-BC8B-B53318DE226E}.Debug|x86.ActiveCfg = Debug|x86
		{59C8C3E2-E578-4F2C-BC8B-B53318DE226E}.Debug|x86.Build.0 = Debug|x86
		{59C8C3E2-E578-4F2C-BC8B-B53318DE226E}.Debug|x86.Deploy.0 = Debug|x86
		{59C8C3E2-E578-4F2C-BC8B-B53318DE226E}.Release|Any CPU.ActiveCfg = Release|x86
		{59C8C3E2-E578-4F2C-BC8B-B53318DE226E}.Release|ARM.ActiveCfg = Release|ARM
		{59C8C3E2-E578-4F2C-BC8B-B53318DE226E}.Release|ARM.Build.0 = Release|ARM
		{59C8C3E2-E578-4F2C-BC8B-B53318DE226E}.Release|ARM.Deploy.0 = Release|ARM
		{59C8C3E2-E578-4F2C-BC8B-B53318DE226E}.Release|iPhone.ActiveCfg = Release|x86
		{59C8C3E2-E578-4F2C-BC8B-B53318DE226E}.Release|iPhoneSimulator.ActiveCfg = Release|x86
		{59C8C3E2-E578-4F2C-BC8B-B53318DE226E}.Release|x64.ActiveCfg = Release|x64
		{59C8C3E2-E578-4F2C-BC8B-B53318DE226E}.Release|x64.Build.0 = Release|x64
		{59C8C3E2-E578-4F2C-BC8B-B53318DE226E}.Release|x64.Deploy.0 = Release|x64
		{59C8C3E2-E578-4F2C-BC8B-B53318DE226E}.Release|x86.ActiveCfg = Release|x86
		{59C8C3E2-E578-4F2C-BC8B-B53318DE226E}.Release|x86.Build.0 = Release|x86
		{59C8C3E2-E578-4F2C-BC8B-B53318DE226E}.Release|x86.Deploy.0 = Release|x86
		{450AE0FD-C4B2-4B34-AFDC-76CB62479D10}.Ad-Hoc|Any CPU.ActiveCfg = Release|Any CPU
		{450AE0FD-C4B2-4B34-AFDC-76CB62479D10}.Ad-Hoc|Any CPU.Build.0 = Release|Any CPU
		{450AE0FD-C4B2-4B34-AFDC-76CB62479D10}.Ad-Hoc|Any CPU.Deploy.0 = Release|Any CPU
		{450AE0FD-C4B2-4B34-AFDC-76CB62479D10}.Ad-Hoc|ARM.ActiveCfg = Release|ARM
		{450AE0FD-C4B2-4B34-AFDC-76CB62479D10}.Ad-Hoc|ARM.Build.0 = Release|ARM
		{450AE0FD-C4B2-4B34-AFDC-76CB62479D10}.Ad-Hoc|ARM.Deploy.0 = Release|ARM
		{450AE0FD-C4B2-4B34-AFDC-76CB62479D10}.Ad-Hoc|iPhone.ActiveCfg = Release|Any CPU
		{450AE0FD-C4B2-4B34-AFDC-76CB62479D10}.Ad-Hoc|iPhone.Build.0 = Release|Any CPU
		{450AE0FD-C4B2-4B34-AFDC-76CB62479D10}.Ad-Hoc|iPhone.Deploy.0 = Release|Any CPU
		{450AE0FD-C4B2-4B34-AFDC-76CB62479D10}.Ad-Hoc|iPhoneSimulator.ActiveCfg = Release|Any CPU
		{450AE0FD-C4B2-4B34-AFDC-76CB62479D10}.Ad-Hoc|iPhoneSimulator.Build.0 = Release|Any CPU
		{450AE0FD-C4B2-4B34-AFDC-76CB62479D10}.Ad-Hoc|iPhoneSimulator.Deploy.0 = Release|Any CPU
		{450AE0FD-C4B2-4B34-AFDC-76CB62479D10}.Ad-Hoc|x64.ActiveCfg = Release|x64
		{450AE0FD-C4B2-4B34-AFDC-76CB62479D10}.Ad-Hoc|x64.Build.0 = Release|x64
		{450AE0FD-C4B2-4B34-AFDC-76CB62479D10}.Ad-Hoc|x64.Deploy.0 = Release|x64
		{450AE0FD-C4B2-4B34-AFDC-76CB62479D10}.Ad-Hoc|x86.ActiveCfg = Release|x86
		{450AE0FD-C4B2-4B34-AFDC-76CB62479D10}.Ad-Hoc|x86.Build.0 = Release|x86
		{450AE0FD-C4B2-4B34-AFDC-76CB62479D10}.Ad-Hoc|x86.Deploy.0 = Release|x86
		{450AE0FD-C4B2-4B34-AFDC-76CB62479D10}.AppStore|Any CPU.ActiveCfg = Release|Any CPU
		{450AE0FD-C4B2-4B34-AFDC-76CB62479D10}.AppStore|Any CPU.Build.0 = Release|Any CPU
		{450AE0FD-C4B2-4B34-AFDC-76CB62479D10}.AppStore|Any CPU.Deploy.0 = Release|Any CPU
		{450AE0FD-C4B2-4B34-AFDC-76CB62479D10}.AppStore|ARM.ActiveCfg = Release|ARM
		{450AE0FD-C4B2-4B34-AFDC-76CB62479D10}.AppStore|ARM.Build.0 = Release|ARM
		{450AE0FD-C4B2-4B34-AFDC-76CB62479D10}.AppStore|ARM.Deploy.0 = Release|ARM
		{450AE0FD-C4B2-4B34-AFDC-76CB62479D10}.AppStore|iPhone.ActiveCfg = Release|Any CPU
		{450AE0FD-C4B2-4B34-AFDC-76CB62479D10}.AppStore|iPhone.Build.0 = Release|Any CPU
		{450AE0FD-C4B2-4B34-AFDC-76CB62479D10}.AppStore|iPhone.Deploy.0 = Release|Any CPU
		{450AE0FD-C4B2-4B34-AFDC-76CB62479D10}.AppStore|iPhoneSimulator.ActiveCfg = Release|Any CPU
		{450AE0FD-C4B2-4B34-AFDC-76CB62479D10}.AppStore|iPhoneSimulator.Build.0 = Release|Any CPU
		{450AE0FD-C4B2-4B34-AFDC-76CB62479D10}.AppStore|iPhoneSimulator.Deploy.0 = Release|Any CPU
		{450AE0FD-C4B2-4B34-AFDC-76CB62479D10}.AppStore|x64.ActiveCfg = Release|x64
		{450AE0FD-C4B2-4B34-AFDC-76CB62479D10}.AppStore|x64.Build.0 = Release|x64
		{450AE0FD-C4B2-4B34-AFDC-76CB62479D10}.AppStore|x64.Deploy.0 = Release|x64
		{450AE0FD-C4B2-4B34-AFDC-76CB62479D10}.AppStore|x86.ActiveCfg = Release|x86
		{450AE0FD-C4B2-4B34-AFDC-76CB62479D10}.AppStore|x86.Build.0 = Release|x86
		{450AE0FD-C4B2-4B34-AFDC-76CB62479D10}.AppStore|x86.Deploy.0 = Release|x86
		{450AE0FD-C4B2-4B34-AFDC-76CB62479D10}.Debug|Any CPU.ActiveCfg = Debug|Any CPU
		{450AE0FD-C4B2-4B34-AFDC-76CB62479D10}.Debug|Any CPU.Build.0 = Debug|Any CPU
		{450AE0FD-C4B2-4B34-AFDC-76CB62479D10}.Debug|Any CPU.Deploy.0 = Debug|Any CPU
		{450AE0FD-C4B2-4B34-AFDC-76CB62479D10}.Debug|ARM.ActiveCfg = Debug|ARM
		{450AE0FD-C4B2-4B34-AFDC-76CB62479D10}.Debug|ARM.Build.0 = Debug|ARM
		{450AE0FD-C4B2-4B34-AFDC-76CB62479D10}.Debug|ARM.Deploy.0 = Debug|ARM
		{450AE0FD-C4B2-4B34-AFDC-76CB62479D10}.Debug|iPhone.ActiveCfg = Debug|Any CPU
		{450AE0FD-C4B2-4B34-AFDC-76CB62479D10}.Debug|iPhone.Build.0 = Debug|Any CPU
		{450AE0FD-C4B2-4B34-AFDC-76CB62479D10}.Debug|iPhone.Deploy.0 = Debug|Any CPU
		{450AE0FD-C4B2-4B34-AFDC-76CB62479D10}.Debug|iPhoneSimulator.ActiveCfg = Debug|Any CPU
		{450AE0FD-C4B2-4B34-AFDC-76CB62479D10}.Debug|iPhoneSimulator.Build.0 = Debug|Any CPU
		{450AE0FD-C4B2-4B34-AFDC-76CB62479D10}.Debug|iPhoneSimulator.Deploy.0 = Debug|Any CPU
		{450AE0FD-C4B2-4B34-AFDC-76CB62479D10}.Debug|x64.ActiveCfg = Debug|x64
		{450AE0FD-C4B2-4B34-AFDC-76CB62479D10}.Debug|x64.Build.0 = Debug|x64
		{450AE0FD-C4B2-4B34-AFDC-76CB62479D10}.Debug|x64.Deploy.0 = Debug|x64
		{450AE0FD-C4B2-4B34-AFDC-76CB62479D10}.Debug|x86.ActiveCfg = Debug|x86
		{450AE0FD-C4B2-4B34-AFDC-76CB62479D10}.Debug|x86.Build.0 = Debug|x86
		{450AE0FD-C4B2-4B34-AFDC-76CB62479D10}.Debug|x86.Deploy.0 = Debug|x86
		{450AE0FD-C4B2-4B34-AFDC-76CB62479D10}.Release|Any CPU.ActiveCfg = Release|Any CPU
		{450AE0FD-C4B2-4B34-AFDC-76CB62479D10}.Release|Any CPU.Build.0 = Release|Any CPU
		{450AE0FD-C4B2-4B34-AFDC-76CB62479D10}.Release|Any CPU.Deploy.0 = Release|Any CPU
		{450AE0FD-C4B2-4B34-AFDC-76CB62479D10}.Release|ARM.ActiveCfg = Release|ARM
		{450AE0FD-C4B2-4B34-AFDC-76CB62479D10}.Release|ARM.Build.0 = Release|ARM
		{450AE0FD-C4B2-4B34-AFDC-76CB62479D10}.Release|ARM.Deploy.0 = Release|ARM
		{450AE0FD-C4B2-4B34-AFDC-76CB62479D10}.Release|iPhone.ActiveCfg = Release|Any CPU
		{450AE0FD-C4B2-4B34-AFDC-76CB62479D10}.Release|iPhone.Build.0 = Release|Any CPU
		{450AE0FD-C4B2-4B34-AFDC-76CB62479D10}.Release|iPhone.Deploy.0 = Release|Any CPU
		{450AE0FD-C4B2-4B34-AFDC-76CB62479D10}.Release|iPhoneSimulator.ActiveCfg = Release|Any CPU
		{450AE0FD-C4B2-4B34-AFDC-76CB62479D10}.Release|iPhoneSimulator.Build.0 = Release|Any CPU
		{450AE0FD-C4B2-4B34-AFDC-76CB62479D10}.Release|iPhoneSimulator.Deploy.0 = Release|Any CPU
		{450AE0FD-C4B2-4B34-AFDC-76CB62479D10}.Release|x64.ActiveCfg = Release|x64
		{450AE0FD-C4B2-4B34-AFDC-76CB62479D10}.Release|x64.Build.0 = Release|x64
		{450AE0FD-C4B2-4B34-AFDC-76CB62479D10}.Release|x64.Deploy.0 = Release|x64
		{450AE0FD-C4B2-4B34-AFDC-76CB62479D10}.Release|x86.ActiveCfg = Release|x86
		{450AE0FD-C4B2-4B34-AFDC-76CB62479D10}.Release|x86.Build.0 = Release|x86
		{450AE0FD-C4B2-4B34-AFDC-76CB62479D10}.Release|x86.Deploy.0 = Release|x86
	EndGlobalSection
	GlobalSection(SolutionProperties) = preSolution
		HideSolutionNode = FALSE
	EndGlobalSection
EndGlobal
